// !$*UTF8*$!
{
	archiveVersion = 1;
	classes = {
	};
	objectVersion = 56;
	objects = {

/* Begin PBXBuildFile section */
		7834BC5F2B016A720057D6A1 /* ComemorativeDate.swift in Sources */ = {isa = PBXBuildFile; fileRef = 7834BC5E2B016A720057D6A1 /* ComemorativeDate.swift */; };
		7834BC612B019EC70057D6A1 /* TimeInterval.swift in Sources */ = {isa = PBXBuildFile; fileRef = 7834BC602B019EC70057D6A1 /* TimeInterval.swift */; };
		7834BC632B029B160057D6A1 /* BLButton.swift in Sources */ = {isa = PBXBuildFile; fileRef = 7834BC622B029B160057D6A1 /* BLButton.swift */; };
		7834BC652B02A8B20057D6A1 /* Letters.swift in Sources */ = {isa = PBXBuildFile; fileRef = 7834BC642B02A8B20057D6A1 /* Letters.swift */; };
		7834BC672B056ED10057D6A1 /* GuideView.swift in Sources */ = {isa = PBXBuildFile; fileRef = 7834BC662B056ED10057D6A1 /* GuideView.swift */; };
		7834BC6D2B0599B90057D6A1 /* RegisterView.swift in Sources */ = {isa = PBXBuildFile; fileRef = 7834BC6C2B0599B90057D6A1 /* RegisterView.swift */; };
		7834BC712B05A2AA0057D6A1 /* TextCard.swift in Sources */ = {isa = PBXBuildFile; fileRef = 7834BC702B05A2AA0057D6A1 /* TextCard.swift */; };
		7834BC752B06964D0057D6A1 /* PreferencesOnboardingView.swift in Sources */ = {isa = PBXBuildFile; fileRef = 7834BC742B06964D0057D6A1 /* PreferencesOnboardingView.swift */; };
		783E55DE2AF0A20B00921298 /* AddClientView.swift in Sources */ = {isa = PBXBuildFile; fileRef = 783E55DD2AF0A20B00921298 /* AddClientView.swift */; };
		783E55E02AF0A22700921298 /* Contact.swift in Sources */ = {isa = PBXBuildFile; fileRef = 783E55DF2AF0A22700921298 /* Contact.swift */; };
		783E55E22AF0A2D200921298 /* AddClientViewModel.swift in Sources */ = {isa = PBXBuildFile; fileRef = 783E55E12AF0A2D200921298 /* AddClientViewModel.swift */; };
		783E55E52AF0A55800921298 /* ContactCard.swift in Sources */ = {isa = PBXBuildFile; fileRef = 783E55E42AF0A55800921298 /* ContactCard.swift */; };
		783E55E82AF0A64D00921298 /* CNMutableContact.swift in Sources */ = {isa = PBXBuildFile; fileRef = 783E55E72AF0A64D00921298 /* CNMutableContact.swift */; };
		783E55EA2AF1804900921298 /* Client.swift in Sources */ = {isa = PBXBuildFile; fileRef = 783E55E92AF1804900921298 /* Client.swift */; };
		783E55EC2AF1824000921298 /* ClientDataSource.swift in Sources */ = {isa = PBXBuildFile; fileRef = 783E55EB2AF1824000921298 /* ClientDataSource.swift */; };
		783E55FE2AF2D59400921298 /* RouterService.swift in Sources */ = {isa = PBXBuildFile; fileRef = 783E55FD2AF2D59400921298 /* RouterService.swift */; };
		783E56042AF3DFB100921298 /* SearchBar.swift in Sources */ = {isa = PBXBuildFile; fileRef = 783E56032AF3DFB100921298 /* SearchBar.swift */; };
		783E56062AF3E5EF00921298 /* UIApplication.swift in Sources */ = {isa = PBXBuildFile; fileRef = 783E56052AF3E5EF00921298 /* UIApplication.swift */; };
		783E56082AF4085D00921298 /* Screen.swift in Sources */ = {isa = PBXBuildFile; fileRef = 783E56072AF4085D00921298 /* Screen.swift */; };
		783E560A2AF40C2A00921298 /* AllClientsViewModel.swift in Sources */ = {isa = PBXBuildFile; fileRef = 783E56092AF40C2A00921298 /* AllClientsViewModel.swift */; };
		783E560C2AF40C8000921298 /* OnboardingView.swift in Sources */ = {isa = PBXBuildFile; fileRef = 783E560B2AF40C8000921298 /* OnboardingView.swift */; };
		783E56102AF40D8900921298 /* ClientView.swift in Sources */ = {isa = PBXBuildFile; fileRef = 783E560F2AF40D8900921298 /* ClientView.swift */; };
		783E56122AF41A0400921298 /* ClientCard.swift in Sources */ = {isa = PBXBuildFile; fileRef = 783E56112AF41A0400921298 /* ClientCard.swift */; };
		783E56142AF74BB800921298 /* DateComponents.swift in Sources */ = {isa = PBXBuildFile; fileRef = 783E56132AF74BB800921298 /* DateComponents.swift */; };
		783E561A2AF752E500921298 /* IndividualTag.swift in Sources */ = {isa = PBXBuildFile; fileRef = 783E56192AF752E500921298 /* IndividualTag.swift */; };
		783E561C2AF8138F00921298 /* PreferencesGuideView.swift in Sources */ = {isa = PBXBuildFile; fileRef = 783E561B2AF8138F00921298 /* PreferencesGuideView.swift */; };
		783E561E2AF8144B00921298 /* SmellView.swift in Sources */ = {isa = PBXBuildFile; fileRef = 783E561D2AF8144B00921298 /* SmellView.swift */; };
		783E56202AF8145300921298 /* SkinView.swift in Sources */ = {isa = PBXBuildFile; fileRef = 783E561F2AF8145300921298 /* SkinView.swift */; };
		783E56222AF8145800921298 /* ServiceView.swift in Sources */ = {isa = PBXBuildFile; fileRef = 783E56212AF8145800921298 /* ServiceView.swift */; };
		783E56272AF8176300921298 /* TitleBar.swift in Sources */ = {isa = PBXBuildFile; fileRef = 783E56262AF8176300921298 /* TitleBar.swift */; };
		78AF14092AFDC51E0094CF66 /* AddClientManager.swift in Sources */ = {isa = PBXBuildFile; fileRef = 78AF14082AFDC51E0094CF66 /* AddClientManager.swift */; };
		78AF140B2AFDCB2E0094CF66 /* RejectedView.swift in Sources */ = {isa = PBXBuildFile; fileRef = 78AF140A2AFDCB2E0094CF66 /* RejectedView.swift */; };
		78AF140F2AFFCCB40094CF66 /* String.swift in Sources */ = {isa = PBXBuildFile; fileRef = 78AF140E2AFFCCB40094CF66 /* String.swift */; };
		78AF14112B0018C90094CF66 /* NotificationManager.swift in Sources */ = {isa = PBXBuildFile; fileRef = 78AF14102B0018C90094CF66 /* NotificationManager.swift */; };
		78AF14152B0029830094CF66 /* Date.swift in Sources */ = {isa = PBXBuildFile; fileRef = 78AF14142B0029830094CF66 /* Date.swift */; };
		78AF14172B0106990094CF66 /* User.swift in Sources */ = {isa = PBXBuildFile; fileRef = 78AF14162B0106990094CF66 /* User.swift */; };
		78AF14192B0107000094CF66 /* Brand.swift in Sources */ = {isa = PBXBuildFile; fileRef = 78AF14182B0107000094CF66 /* Brand.swift */; };
		78AF141B2B0107510094CF66 /* Strategy.swift in Sources */ = {isa = PBXBuildFile; fileRef = 78AF141A2B0107510094CF66 /* Strategy.swift */; };
		78AF141D2B01087A0094CF66 /* UserData.swift in Sources */ = {isa = PBXBuildFile; fileRef = 78AF141C2B01087A0094CF66 /* UserData.swift */; };
		78AF141F2B010D180094CF66 /* UserView.swift in Sources */ = {isa = PBXBuildFile; fileRef = 78AF141E2B010D180094CF66 /* UserView.swift */; };
		78AF14212B010D300094CF66 /* UserViewModel.swift in Sources */ = {isa = PBXBuildFile; fileRef = 78AF14202B010D300094CF66 /* UserViewModel.swift */; };
		78AF14232B0117B30094CF66 /* BrandsSheetView.swift in Sources */ = {isa = PBXBuildFile; fileRef = 78AF14222B0117B30094CF66 /* BrandsSheetView.swift */; };
		78AF14252B0117FF0094CF66 /* StrategySheetView.swift in Sources */ = {isa = PBXBuildFile; fileRef = 78AF14242B0117FF0094CF66 /* StrategySheetView.swift */; };
		78E629CC2AED73A400CBB373 /* bemLembrarApp.swift in Sources */ = {isa = PBXBuildFile; fileRef = 78E629CB2AED73A400CBB373 /* bemLembrarApp.swift */; };
		78E629CE2AED73A400CBB373 /* ContentView.swift in Sources */ = {isa = PBXBuildFile; fileRef = 78E629CD2AED73A400CBB373 /* ContentView.swift */; };
		78E629D02AED73A500CBB373 /* Assets.xcassets in Resources */ = {isa = PBXBuildFile; fileRef = 78E629CF2AED73A500CBB373 /* Assets.xcassets */; };
		78E629D32AED73A500CBB373 /* Preview Assets.xcassets in Resources */ = {isa = PBXBuildFile; fileRef = 78E629D22AED73A500CBB373 /* Preview Assets.xcassets */; };
		78EEC6B02AFAB2650030F5EA /* NewContactView.swift in Sources */ = {isa = PBXBuildFile; fileRef = 78EEC6AF2AFAB2650030F5EA /* NewContactView.swift */; };
		78EEC6BA2AFC3FFA0030F5EA /* StringEditView.swift in Sources */ = {isa = PBXBuildFile; fileRef = 78EEC6B92AFC3FFA0030F5EA /* StringEditView.swift */; };
		78EEC6BC2AFC43430030F5EA /* ClientViewModel.swift in Sources */ = {isa = PBXBuildFile; fileRef = 78EEC6BB2AFC43430030F5EA /* ClientViewModel.swift */; };
		78EEC6BE2AFC50580030F5EA /* Preferences.swift in Sources */ = {isa = PBXBuildFile; fileRef = 78EEC6BD2AFC50580030F5EA /* Preferences.swift */; };
		78EEC6C22AFC8AE50030F5EA /* DateEditView.swift in Sources */ = {isa = PBXBuildFile; fileRef = 78EEC6C12AFC8AE50030F5EA /* DateEditView.swift */; };
		78EEC6C82AFC948C0030F5EA /* BigStringEditView.swift in Sources */ = {isa = PBXBuildFile; fileRef = 78EEC6C72AFC948C0030F5EA /* BigStringEditView.swift */; };
		78EEC6CA2AFD5F410030F5EA /* PopUp.swift in Sources */ = {isa = PBXBuildFile; fileRef = 78EEC6C92AFD5F410030F5EA /* PopUp.swift */; };
		78FEF4D52AF825CB00A5A6D8 /* PreferenceCard.swift in Sources */ = {isa = PBXBuildFile; fileRef = 78FEF4D42AF825CB00A5A6D8 /* PreferenceCard.swift */; };
		78FEF4D72AF83CBE00A5A6D8 /* PreferencesViewModel.swift in Sources */ = {isa = PBXBuildFile; fileRef = 78FEF4D62AF83CBE00A5A6D8 /* PreferencesViewModel.swift */; };
		78FEF4DB2AF8720500A5A6D8 /* ClientSheetView.swift in Sources */ = {isa = PBXBuildFile; fileRef = 78FEF4DA2AF8720500A5A6D8 /* ClientSheetView.swift */; };
		78FEF4DF2AF8737A00A5A6D8 /* PreferenceType.swift in Sources */ = {isa = PBXBuildFile; fileRef = 78FEF4DE2AF8737A00A5A6D8 /* PreferenceType.swift */; };
		78FEF4E52AF9686500A5A6D8 /* FlexStack.swift in Sources */ = {isa = PBXBuildFile; fileRef = 78FEF4E42AF9686500A5A6D8 /* FlexStack.swift */; };
		78FEF4E72AF96E9400A5A6D8 /* PreferencesTag.swift in Sources */ = {isa = PBXBuildFile; fileRef = 78FEF4E62AF96E9400A5A6D8 /* PreferencesTag.swift */; };
		78FEF4E92AF9D76B00A5A6D8 /* CNPostalAdress.swift in Sources */ = {isa = PBXBuildFile; fileRef = 78FEF4E82AF9D76B00A5A6D8 /* CNPostalAdress.swift */; };
		C08A4A2E2AF2D65600C81997 /* AllClientsView.swift in Sources */ = {isa = PBXBuildFile; fileRef = C08A4A2D2AF2D65600C81997 /* AllClientsView.swift */; };
/* End PBXBuildFile section */

/* Begin PBXFileReference section */
		7834BC5E2B016A720057D6A1 /* ComemorativeDate.swift */ = {isa = PBXFileReference; lastKnownFileType = sourcecode.swift; path = ComemorativeDate.swift; sourceTree = "<group>"; };
		7834BC602B019EC70057D6A1 /* TimeInterval.swift */ = {isa = PBXFileReference; lastKnownFileType = sourcecode.swift; path = TimeInterval.swift; sourceTree = "<group>"; };
		7834BC622B029B160057D6A1 /* BLButton.swift */ = {isa = PBXFileReference; lastKnownFileType = sourcecode.swift; path = BLButton.swift; sourceTree = "<group>"; };
		7834BC642B02A8B20057D6A1 /* Letters.swift */ = {isa = PBXFileReference; lastKnownFileType = sourcecode.swift; path = Letters.swift; sourceTree = "<group>"; };
		7834BC662B056ED10057D6A1 /* GuideView.swift */ = {isa = PBXFileReference; lastKnownFileType = sourcecode.swift; path = GuideView.swift; sourceTree = "<group>"; };
		7834BC6C2B0599B90057D6A1 /* RegisterView.swift */ = {isa = PBXFileReference; lastKnownFileType = sourcecode.swift; path = RegisterView.swift; sourceTree = "<group>"; };
		7834BC702B05A2AA0057D6A1 /* TextCard.swift */ = {isa = PBXFileReference; lastKnownFileType = sourcecode.swift; path = TextCard.swift; sourceTree = "<group>"; };
		7834BC742B06964D0057D6A1 /* PreferencesOnboardingView.swift */ = {isa = PBXFileReference; lastKnownFileType = sourcecode.swift; path = PreferencesOnboardingView.swift; sourceTree = "<group>"; };
		783E55DD2AF0A20B00921298 /* AddClientView.swift */ = {isa = PBXFileReference; lastKnownFileType = sourcecode.swift; path = AddClientView.swift; sourceTree = "<group>"; };
		783E55DF2AF0A22700921298 /* Contact.swift */ = {isa = PBXFileReference; lastKnownFileType = sourcecode.swift; path = Contact.swift; sourceTree = "<group>"; };
		783E55E12AF0A2D200921298 /* AddClientViewModel.swift */ = {isa = PBXFileReference; lastKnownFileType = sourcecode.swift; path = AddClientViewModel.swift; sourceTree = "<group>"; };
		783E55E42AF0A55800921298 /* ContactCard.swift */ = {isa = PBXFileReference; lastKnownFileType = sourcecode.swift; path = ContactCard.swift; sourceTree = "<group>"; };
		783E55E72AF0A64D00921298 /* CNMutableContact.swift */ = {isa = PBXFileReference; lastKnownFileType = sourcecode.swift; path = CNMutableContact.swift; sourceTree = "<group>"; };
		783E55E92AF1804900921298 /* Client.swift */ = {isa = PBXFileReference; lastKnownFileType = sourcecode.swift; path = Client.swift; sourceTree = "<group>"; };
		783E55EB2AF1824000921298 /* ClientDataSource.swift */ = {isa = PBXFileReference; lastKnownFileType = sourcecode.swift; path = ClientDataSource.swift; sourceTree = "<group>"; };
		783E55FD2AF2D59400921298 /* RouterService.swift */ = {isa = PBXFileReference; lastKnownFileType = sourcecode.swift; path = RouterService.swift; sourceTree = "<group>"; };
		783E56032AF3DFB100921298 /* SearchBar.swift */ = {isa = PBXFileReference; lastKnownFileType = sourcecode.swift; path = SearchBar.swift; sourceTree = "<group>"; };
		783E56052AF3E5EF00921298 /* UIApplication.swift */ = {isa = PBXFileReference; lastKnownFileType = sourcecode.swift; path = UIApplication.swift; sourceTree = "<group>"; };
		783E56072AF4085D00921298 /* Screen.swift */ = {isa = PBXFileReference; lastKnownFileType = sourcecode.swift; path = Screen.swift; sourceTree = "<group>"; };
		783E56092AF40C2A00921298 /* AllClientsViewModel.swift */ = {isa = PBXFileReference; lastKnownFileType = sourcecode.swift; path = AllClientsViewModel.swift; sourceTree = "<group>"; };
		783E560B2AF40C8000921298 /* OnboardingView.swift */ = {isa = PBXFileReference; lastKnownFileType = sourcecode.swift; path = OnboardingView.swift; sourceTree = "<group>"; usesTabs = 0; };
		783E560F2AF40D8900921298 /* ClientView.swift */ = {isa = PBXFileReference; lastKnownFileType = sourcecode.swift; path = ClientView.swift; sourceTree = "<group>"; };
		783E56112AF41A0400921298 /* ClientCard.swift */ = {isa = PBXFileReference; lastKnownFileType = sourcecode.swift; path = ClientCard.swift; sourceTree = "<group>"; };
		783E56132AF74BB800921298 /* DateComponents.swift */ = {isa = PBXFileReference; lastKnownFileType = sourcecode.swift; path = DateComponents.swift; sourceTree = "<group>"; };
		783E56192AF752E500921298 /* IndividualTag.swift */ = {isa = PBXFileReference; lastKnownFileType = sourcecode.swift; path = IndividualTag.swift; sourceTree = "<group>"; };
		783E561B2AF8138F00921298 /* PreferencesGuideView.swift */ = {isa = PBXFileReference; lastKnownFileType = sourcecode.swift; path = PreferencesGuideView.swift; sourceTree = "<group>"; };
		783E561D2AF8144B00921298 /* SmellView.swift */ = {isa = PBXFileReference; lastKnownFileType = sourcecode.swift; path = SmellView.swift; sourceTree = "<group>"; };
		783E561F2AF8145300921298 /* SkinView.swift */ = {isa = PBXFileReference; lastKnownFileType = sourcecode.swift; path = SkinView.swift; sourceTree = "<group>"; };
		783E56212AF8145800921298 /* ServiceView.swift */ = {isa = PBXFileReference; lastKnownFileType = sourcecode.swift; path = ServiceView.swift; sourceTree = "<group>"; };
		783E56262AF8176300921298 /* TitleBar.swift */ = {isa = PBXFileReference; lastKnownFileType = sourcecode.swift; path = TitleBar.swift; sourceTree = "<group>"; };
		78AF14082AFDC51E0094CF66 /* AddClientManager.swift */ = {isa = PBXFileReference; lastKnownFileType = sourcecode.swift; path = AddClientManager.swift; sourceTree = "<group>"; };
		78AF140A2AFDCB2E0094CF66 /* RejectedView.swift */ = {isa = PBXFileReference; lastKnownFileType = sourcecode.swift; path = RejectedView.swift; sourceTree = "<group>"; };
		78AF140E2AFFCCB40094CF66 /* String.swift */ = {isa = PBXFileReference; lastKnownFileType = sourcecode.swift; path = String.swift; sourceTree = "<group>"; };
		78AF14102B0018C90094CF66 /* NotificationManager.swift */ = {isa = PBXFileReference; lastKnownFileType = sourcecode.swift; path = NotificationManager.swift; sourceTree = "<group>"; };
		78AF14142B0029830094CF66 /* Date.swift */ = {isa = PBXFileReference; lastKnownFileType = sourcecode.swift; path = Date.swift; sourceTree = "<group>"; };
		78AF14162B0106990094CF66 /* User.swift */ = {isa = PBXFileReference; lastKnownFileType = sourcecode.swift; path = User.swift; sourceTree = "<group>"; };
		78AF14182B0107000094CF66 /* Brand.swift */ = {isa = PBXFileReference; lastKnownFileType = sourcecode.swift; path = Brand.swift; sourceTree = "<group>"; };
		78AF141A2B0107510094CF66 /* Strategy.swift */ = {isa = PBXFileReference; lastKnownFileType = sourcecode.swift; path = Strategy.swift; sourceTree = "<group>"; };
		78AF141C2B01087A0094CF66 /* UserData.swift */ = {isa = PBXFileReference; lastKnownFileType = sourcecode.swift; path = UserData.swift; sourceTree = "<group>"; };
		78AF141E2B010D180094CF66 /* UserView.swift */ = {isa = PBXFileReference; lastKnownFileType = sourcecode.swift; path = UserView.swift; sourceTree = "<group>"; };
		78AF14202B010D300094CF66 /* UserViewModel.swift */ = {isa = PBXFileReference; lastKnownFileType = sourcecode.swift; path = UserViewModel.swift; sourceTree = "<group>"; };
		78AF14222B0117B30094CF66 /* BrandsSheetView.swift */ = {isa = PBXFileReference; lastKnownFileType = sourcecode.swift; path = BrandsSheetView.swift; sourceTree = "<group>"; };
		78AF14242B0117FF0094CF66 /* StrategySheetView.swift */ = {isa = PBXFileReference; lastKnownFileType = sourcecode.swift; path = StrategySheetView.swift; sourceTree = "<group>"; };
		78E629C82AED73A400CBB373 /* bemLembrar.app */ = {isa = PBXFileReference; explicitFileType = wrapper.application; includeInIndex = 0; path = bemLembrar.app; sourceTree = BUILT_PRODUCTS_DIR; };
		78E629CB2AED73A400CBB373 /* bemLembrarApp.swift */ = {isa = PBXFileReference; lastKnownFileType = sourcecode.swift; path = bemLembrarApp.swift; sourceTree = "<group>"; };
		78E629CD2AED73A400CBB373 /* ContentView.swift */ = {isa = PBXFileReference; lastKnownFileType = sourcecode.swift; path = ContentView.swift; sourceTree = "<group>"; };
		78E629CF2AED73A500CBB373 /* Assets.xcassets */ = {isa = PBXFileReference; lastKnownFileType = folder.assetcatalog; path = Assets.xcassets; sourceTree = "<group>"; };
		78E629D22AED73A500CBB373 /* Preview Assets.xcassets */ = {isa = PBXFileReference; lastKnownFileType = folder.assetcatalog; path = "Preview Assets.xcassets"; sourceTree = "<group>"; };
		78EEC6AF2AFAB2650030F5EA /* NewContactView.swift */ = {isa = PBXFileReference; lastKnownFileType = sourcecode.swift; path = NewContactView.swift; sourceTree = "<group>"; };
		78EEC6B92AFC3FFA0030F5EA /* StringEditView.swift */ = {isa = PBXFileReference; lastKnownFileType = sourcecode.swift; path = StringEditView.swift; sourceTree = "<group>"; };
		78EEC6BB2AFC43430030F5EA /* ClientViewModel.swift */ = {isa = PBXFileReference; lastKnownFileType = sourcecode.swift; path = ClientViewModel.swift; sourceTree = "<group>"; };
		78EEC6BD2AFC50580030F5EA /* Preferences.swift */ = {isa = PBXFileReference; lastKnownFileType = sourcecode.swift; path = Preferences.swift; sourceTree = "<group>"; };
		78EEC6C12AFC8AE50030F5EA /* DateEditView.swift */ = {isa = PBXFileReference; lastKnownFileType = sourcecode.swift; path = DateEditView.swift; sourceTree = "<group>"; };
		78EEC6C72AFC948C0030F5EA /* BigStringEditView.swift */ = {isa = PBXFileReference; lastKnownFileType = sourcecode.swift; path = BigStringEditView.swift; sourceTree = "<group>"; };
		78EEC6C92AFD5F410030F5EA /* PopUp.swift */ = {isa = PBXFileReference; lastKnownFileType = sourcecode.swift; path = PopUp.swift; sourceTree = "<group>"; };
		78FEF4D42AF825CB00A5A6D8 /* PreferenceCard.swift */ = {isa = PBXFileReference; lastKnownFileType = sourcecode.swift; path = PreferenceCard.swift; sourceTree = "<group>"; };
		78FEF4D62AF83CBE00A5A6D8 /* PreferencesViewModel.swift */ = {isa = PBXFileReference; lastKnownFileType = sourcecode.swift; path = PreferencesViewModel.swift; sourceTree = "<group>"; };
		78FEF4DA2AF8720500A5A6D8 /* ClientSheetView.swift */ = {isa = PBXFileReference; lastKnownFileType = sourcecode.swift; path = ClientSheetView.swift; sourceTree = "<group>"; };
		78FEF4DE2AF8737A00A5A6D8 /* PreferenceType.swift */ = {isa = PBXFileReference; lastKnownFileType = sourcecode.swift; path = PreferenceType.swift; sourceTree = "<group>"; };
		78FEF4E42AF9686500A5A6D8 /* FlexStack.swift */ = {isa = PBXFileReference; lastKnownFileType = sourcecode.swift; path = FlexStack.swift; sourceTree = "<group>"; };
		78FEF4E62AF96E9400A5A6D8 /* PreferencesTag.swift */ = {isa = PBXFileReference; lastKnownFileType = sourcecode.swift; path = PreferencesTag.swift; sourceTree = "<group>"; };
		78FEF4E82AF9D76B00A5A6D8 /* CNPostalAdress.swift */ = {isa = PBXFileReference; lastKnownFileType = sourcecode.swift; path = CNPostalAdress.swift; sourceTree = "<group>"; };
		C08A4A2D2AF2D65600C81997 /* AllClientsView.swift */ = {isa = PBXFileReference; lastKnownFileType = sourcecode.swift; path = AllClientsView.swift; sourceTree = "<group>"; };
/* End PBXFileReference section */

/* Begin PBXFrameworksBuildPhase section */
		78E629C52AED73A400CBB373 /* Frameworks */ = {
			isa = PBXFrameworksBuildPhase;
			buildActionMask = 2147483647;
			files = (
			);
			runOnlyForDeploymentPostprocessing = 0;
		};
/* End PBXFrameworksBuildPhase section */

/* Begin PBXGroup section */
		7834BC6A2B057D190057D6A1 /* Onboarding */ = {
			isa = PBXGroup;
			children = (
				783E560B2AF40C8000921298 /* OnboardingView.swift */,
				7834BC662B056ED10057D6A1 /* GuideView.swift */,
				7834BC6C2B0599B90057D6A1 /* RegisterView.swift */,
			);
			path = Onboarding;
			sourceTree = "<group>";
		};
		7834BC6B2B057D270057D6A1 /* AddClient */ = {
			isa = PBXGroup;
			children = (
				78AF14082AFDC51E0094CF66 /* AddClientManager.swift */,
				783E55DD2AF0A20B00921298 /* AddClientView.swift */,
				78AF140A2AFDCB2E0094CF66 /* RejectedView.swift */,
			);
			path = AddClient;
			sourceTree = "<group>";
		};
		783E55DA2AF01CBC00921298 /* View */ = {
			isa = PBXGroup;
			children = (
				78E629CD2AED73A400CBB373 /* ContentView.swift */,
				7834BC6A2B057D190057D6A1 /* Onboarding */,
				C08A4A2D2AF2D65600C81997 /* AllClientsView.swift */,
				783E560F2AF40D8900921298 /* ClientView.swift */,
				78AF141E2B010D180094CF66 /* UserView.swift */,
				7834BC6B2B057D270057D6A1 /* AddClient */,
				783E56232AF814B400921298 /* Preferences */,
				78FEF4DD2AF8721C00A5A6D8 /* Sheets */,
			);
			path = View;
			sourceTree = "<group>";
		};
		783E55DB2AF01CC900921298 /* ViewModel */ = {
			isa = PBXGroup;
			children = (
				78AF14202B010D300094CF66 /* UserViewModel.swift */,
				783E56092AF40C2A00921298 /* AllClientsViewModel.swift */,
				78EEC6BB2AFC43430030F5EA /* ClientViewModel.swift */,
				783E55E12AF0A2D200921298 /* AddClientViewModel.swift */,
				78FEF4D62AF83CBE00A5A6D8 /* PreferencesViewModel.swift */,
			);
			path = ViewModel;
			sourceTree = "<group>";
		};
		783E55DC2AF01CEE00921298 /* Model */ = {
			isa = PBXGroup;
			children = (
				78AF14162B0106990094CF66 /* User.swift */,
				78AF141C2B01087A0094CF66 /* UserData.swift */,
				78AF14182B0107000094CF66 /* Brand.swift */,
				78AF141A2B0107510094CF66 /* Strategy.swift */,
				783E55DF2AF0A22700921298 /* Contact.swift */,
				783E55E92AF1804900921298 /* Client.swift */,
				783E55EB2AF1824000921298 /* ClientDataSource.swift */,
				78EEC6BD2AFC50580030F5EA /* Preferences.swift */,
				78FEF4DE2AF8737A00A5A6D8 /* PreferenceType.swift */,
				783E56072AF4085D00921298 /* Screen.swift */,
				7834BC5E2B016A720057D6A1 /* ComemorativeDate.swift */,
				7834BC642B02A8B20057D6A1 /* Letters.swift */,
			);
			path = Model;
			sourceTree = "<group>";
		};
		783E55E32AF0A54300921298 /* Components */ = {
			isa = PBXGroup;
			children = (
				783E56262AF8176300921298 /* TitleBar.swift */,
				783E56032AF3DFB100921298 /* SearchBar.swift */,
				7834BC622B029B160057D6A1 /* BLButton.swift */,
				78EEC6C92AFD5F410030F5EA /* PopUp.swift */,
				783E56242AF8172100921298 /* Cards */,
				783E56252AF8172B00921298 /* Tags */,
				78EEC6CB2AFDA85A0030F5EA /* EditFields */,
			);
			path = Components;
			sourceTree = "<group>";
		};
		783E55E62AF0A63E00921298 /* Utils */ = {
			isa = PBXGroup;
			children = (
				78AF140E2AFFCCB40094CF66 /* String.swift */,
				783E55E72AF0A64D00921298 /* CNMutableContact.swift */,
				78FEF4E82AF9D76B00A5A6D8 /* CNPostalAdress.swift */,
				78AF14142B0029830094CF66 /* Date.swift */,
				783E56132AF74BB800921298 /* DateComponents.swift */,
				7834BC602B019EC70057D6A1 /* TimeInterval.swift */,
				783E56052AF3E5EF00921298 /* UIApplication.swift */,
				78FEF4E42AF9686500A5A6D8 /* FlexStack.swift */,
			);
			path = Utils;
			sourceTree = "<group>";
		};
		783E55FC2AF2D58200921298 /* Services */ = {
			isa = PBXGroup;
			children = (
				783E55FD2AF2D59400921298 /* RouterService.swift */,
				78AF14102B0018C90094CF66 /* NotificationManager.swift */,
			);
			path = Services;
			sourceTree = "<group>";
		};
		783E56232AF814B400921298 /* Preferences */ = {
			isa = PBXGroup;
			children = (
				7834BC742B06964D0057D6A1 /* PreferencesOnboardingView.swift */,
				783E561B2AF8138F00921298 /* PreferencesGuideView.swift */,
				783E561D2AF8144B00921298 /* SmellView.swift */,
				783E561F2AF8145300921298 /* SkinView.swift */,
				783E56212AF8145800921298 /* ServiceView.swift */,
			);
			path = Preferences;
			sourceTree = "<group>";
		};
		783E56242AF8172100921298 /* Cards */ = {
			isa = PBXGroup;
			children = (
				783E55E42AF0A55800921298 /* ContactCard.swift */,
				783E56112AF41A0400921298 /* ClientCard.swift */,
				78FEF4D42AF825CB00A5A6D8 /* PreferenceCard.swift */,
				7834BC702B05A2AA0057D6A1 /* TextCard.swift */,
			);
			path = Cards;
			sourceTree = "<group>";
		};
		783E56252AF8172B00921298 /* Tags */ = {
			isa = PBXGroup;
			children = (
				78FEF4E62AF96E9400A5A6D8 /* PreferencesTag.swift */,
				783E56192AF752E500921298 /* IndividualTag.swift */,
			);
			path = Tags;
			sourceTree = "<group>";
		};
		78E629BF2AED73A400CBB373 = {
			isa = PBXGroup;
			children = (
				78E629CA2AED73A400CBB373 /* bemLembrar */,
				78E629C92AED73A400CBB373 /* Products */,
			);
			sourceTree = "<group>";
		};
		78E629C92AED73A400CBB373 /* Products */ = {
			isa = PBXGroup;
			children = (
				78E629C82AED73A400CBB373 /* bemLembrar.app */,
			);
			name = Products;
			sourceTree = "<group>";
		};
		78E629CA2AED73A400CBB373 /* bemLembrar */ = {
			isa = PBXGroup;
			children = (
				78E629CB2AED73A400CBB373 /* bemLembrarApp.swift */,
				783E55E32AF0A54300921298 /* Components */,
				783E55DA2AF01CBC00921298 /* View */,
				783E55DB2AF01CC900921298 /* ViewModel */,
				783E55DC2AF01CEE00921298 /* Model */,
				783E55FC2AF2D58200921298 /* Services */,
				783E55E62AF0A63E00921298 /* Utils */,
				78E629CF2AED73A500CBB373 /* Assets.xcassets */,
				78E629D12AED73A500CBB373 /* Preview Content */,
			);
			path = bemLembrar;
			sourceTree = "<group>";
		};
		78E629D12AED73A500CBB373 /* Preview Content */ = {
			isa = PBXGroup;
			children = (
				78E629D22AED73A500CBB373 /* Preview Assets.xcassets */,
			);
			path = "Preview Content";
			sourceTree = "<group>";
		};
		78EEC6CB2AFDA85A0030F5EA /* EditFields */ = {
			isa = PBXGroup;
			children = (
				78EEC6B92AFC3FFA0030F5EA /* StringEditView.swift */,
				78EEC6C72AFC948C0030F5EA /* BigStringEditView.swift */,
				78EEC6C12AFC8AE50030F5EA /* DateEditView.swift */,
			);
			path = EditFields;
			sourceTree = "<group>";
		};
		78FEF4DD2AF8721C00A5A6D8 /* Sheets */ = {
			isa = PBXGroup;
			children = (
				78EEC6AF2AFAB2650030F5EA /* NewContactView.swift */,
				78FEF4DA2AF8720500A5A6D8 /* ClientSheetView.swift */,
				78AF14222B0117B30094CF66 /* BrandsSheetView.swift */,
				78AF14242B0117FF0094CF66 /* StrategySheetView.swift */,
			);
			path = Sheets;
			sourceTree = "<group>";
		};
/* End PBXGroup section */

/* Begin PBXNativeTarget section */
		78E629C72AED73A400CBB373 /* bemLembrar */ = {
			isa = PBXNativeTarget;
			buildConfigurationList = 78E629D62AED73A500CBB373 /* Build configuration list for PBXNativeTarget "bemLembrar" */;
			buildPhases = (
				78E629C42AED73A400CBB373 /* Sources */,
				78E629C52AED73A400CBB373 /* Frameworks */,
				78E629C62AED73A400CBB373 /* Resources */,
			);
			buildRules = (
			);
			dependencies = (
			);
			name = bemLembrar;
			productName = bemLembrar;
			productReference = 78E629C82AED73A400CBB373 /* bemLembrar.app */;
			productType = "com.apple.product-type.application";
		};
/* End PBXNativeTarget section */

/* Begin PBXProject section */
		78E629C02AED73A400CBB373 /* Project object */ = {
			isa = PBXProject;
			attributes = {
				BuildIndependentTargetsInParallel = 1;
				LastSwiftUpdateCheck = 1500;
				LastUpgradeCheck = 1500;
				TargetAttributes = {
					78E629C72AED73A400CBB373 = {
						CreatedOnToolsVersion = 15.0.1;
					};
				};
			};
			buildConfigurationList = 78E629C32AED73A400CBB373 /* Build configuration list for PBXProject "bemLembrar" */;
			compatibilityVersion = "Xcode 14.0";
			developmentRegion = en;
			hasScannedForEncodings = 0;
			knownRegions = (
				en,
				Base,
			);
			mainGroup = 78E629BF2AED73A400CBB373;
			productRefGroup = 78E629C92AED73A400CBB373 /* Products */;
			projectDirPath = "";
			projectRoot = "";
			targets = (
				78E629C72AED73A400CBB373 /* bemLembrar */,
			);
		};
/* End PBXProject section */

/* Begin PBXResourcesBuildPhase section */
		78E629C62AED73A400CBB373 /* Resources */ = {
			isa = PBXResourcesBuildPhase;
			buildActionMask = 2147483647;
			files = (
				78E629D32AED73A500CBB373 /* Preview Assets.xcassets in Resources */,
				78E629D02AED73A500CBB373 /* Assets.xcassets in Resources */,
			);
			runOnlyForDeploymentPostprocessing = 0;
		};
/* End PBXResourcesBuildPhase section */

/* Begin PBXSourcesBuildPhase section */
		78E629C42AED73A400CBB373 /* Sources */ = {
			isa = PBXSourcesBuildPhase;
			buildActionMask = 2147483647;
			files = (
				7834BC712B05A2AA0057D6A1 /* TextCard.swift in Sources */,
				783E56222AF8145800921298 /* ServiceView.swift in Sources */,
				783E56062AF3E5EF00921298 /* UIApplication.swift in Sources */,
				7834BC5F2B016A720057D6A1 /* ComemorativeDate.swift in Sources */,
				78AF140F2AFFCCB40094CF66 /* String.swift in Sources */,
				78FEF4DF2AF8737A00A5A6D8 /* PreferenceType.swift in Sources */,
				7834BC752B06964D0057D6A1 /* PreferencesOnboardingView.swift in Sources */,
				78FEF4D72AF83CBE00A5A6D8 /* PreferencesViewModel.swift in Sources */,
				78EEC6C22AFC8AE50030F5EA /* DateEditView.swift in Sources */,
				C08A4A2E2AF2D65600C81997 /* AllClientsView.swift in Sources */,
				783E55E52AF0A55800921298 /* ContactCard.swift in Sources */,
				78EEC6BC2AFC43430030F5EA /* ClientViewModel.swift in Sources */,
				783E56142AF74BB800921298 /* DateComponents.swift in Sources */,
				78EEC6C82AFC948C0030F5EA /* BigStringEditView.swift in Sources */,
				78FEF4DB2AF8720500A5A6D8 /* ClientSheetView.swift in Sources */,
				78EEC6BE2AFC50580030F5EA /* Preferences.swift in Sources */,
				78E629CE2AED73A400CBB373 /* ContentView.swift in Sources */,
				783E55EC2AF1824000921298 /* ClientDataSource.swift in Sources */,
				78FEF4E92AF9D76B00A5A6D8 /* CNPostalAdress.swift in Sources */,
				78AF14152B0029830094CF66 /* Date.swift in Sources */,
				78AF14092AFDC51E0094CF66 /* AddClientManager.swift in Sources */,
				78AF14192B0107000094CF66 /* Brand.swift in Sources */,
				783E56082AF4085D00921298 /* Screen.swift in Sources */,
				7834BC652B02A8B20057D6A1 /* Letters.swift in Sources */,
				7834BC612B019EC70057D6A1 /* TimeInterval.swift in Sources */,
				78FEF4E72AF96E9400A5A6D8 /* PreferencesTag.swift in Sources */,
				783E55E82AF0A64D00921298 /* CNMutableContact.swift in Sources */,
				78AF14232B0117B30094CF66 /* BrandsSheetView.swift in Sources */,
				78AF14252B0117FF0094CF66 /* StrategySheetView.swift in Sources */,
				783E561A2AF752E500921298 /* IndividualTag.swift in Sources */,
				7834BC632B029B160057D6A1 /* BLButton.swift in Sources */,
				78AF14172B0106990094CF66 /* User.swift in Sources */,
				783E55E02AF0A22700921298 /* Contact.swift in Sources */,
				78EEC6CA2AFD5F410030F5EA /* PopUp.swift in Sources */,
				78AF140B2AFDCB2E0094CF66 /* RejectedView.swift in Sources */,
				78AF141F2B010D180094CF66 /* UserView.swift in Sources */,
				78EEC6B02AFAB2650030F5EA /* NewContactView.swift in Sources */,
				78FEF4E52AF9686500A5A6D8 /* FlexStack.swift in Sources */,
				78AF14112B0018C90094CF66 /* NotificationManager.swift in Sources */,
				78AF14212B010D300094CF66 /* UserViewModel.swift in Sources */,
				78AF141D2B01087A0094CF66 /* UserData.swift in Sources */,
				78EEC6BA2AFC3FFA0030F5EA /* StringEditView.swift in Sources */,
				783E56042AF3DFB100921298 /* SearchBar.swift in Sources */,
				783E55EA2AF1804900921298 /* Client.swift in Sources */,
				783E561C2AF8138F00921298 /* PreferencesGuideView.swift in Sources */,
				783E55FE2AF2D59400921298 /* RouterService.swift in Sources */,
				783E56122AF41A0400921298 /* ClientCard.swift in Sources */,
				783E560A2AF40C2A00921298 /* AllClientsViewModel.swift in Sources */,
				783E561E2AF8144B00921298 /* SmellView.swift in Sources */,
				78FEF4D52AF825CB00A5A6D8 /* PreferenceCard.swift in Sources */,
				783E55E22AF0A2D200921298 /* AddClientViewModel.swift in Sources */,
				783E56102AF40D8900921298 /* ClientView.swift in Sources */,
				783E55DE2AF0A20B00921298 /* AddClientView.swift in Sources */,
				7834BC672B056ED10057D6A1 /* GuideView.swift in Sources */,
				7834BC6D2B0599B90057D6A1 /* RegisterView.swift in Sources */,
				783E56202AF8145300921298 /* SkinView.swift in Sources */,
				78AF141B2B0107510094CF66 /* Strategy.swift in Sources */,
				783E560C2AF40C8000921298 /* OnboardingView.swift in Sources */,
				783E56272AF8176300921298 /* TitleBar.swift in Sources */,
				78E629CC2AED73A400CBB373 /* bemLembrarApp.swift in Sources */,
			);
			runOnlyForDeploymentPostprocessing = 0;
		};
/* End PBXSourcesBuildPhase section */

/* Begin XCBuildConfiguration section */
		78E629D42AED73A500CBB373 /* Debug */ = {
			isa = XCBuildConfiguration;
			buildSettings = {
				ALWAYS_SEARCH_USER_PATHS = NO;
				ASSETCATALOG_COMPILER_GENERATE_SWIFT_ASSET_SYMBOL_EXTENSIONS = YES;
				CLANG_ANALYZER_NONNULL = YES;
				CLANG_ANALYZER_NUMBER_OBJECT_CONVERSION = YES_AGGRESSIVE;
				CLANG_CXX_LANGUAGE_STANDARD = "gnu++20";
				CLANG_ENABLE_MODULES = YES;
				CLANG_ENABLE_OBJC_ARC = YES;
				CLANG_ENABLE_OBJC_WEAK = YES;
				CLANG_WARN_BLOCK_CAPTURE_AUTORELEASING = YES;
				CLANG_WARN_BOOL_CONVERSION = YES;
				CLANG_WARN_COMMA = YES;
				CLANG_WARN_CONSTANT_CONVERSION = YES;
				CLANG_WARN_DEPRECATED_OBJC_IMPLEMENTATIONS = YES;
				CLANG_WARN_DIRECT_OBJC_ISA_USAGE = YES_ERROR;
				CLANG_WARN_DOCUMENTATION_COMMENTS = YES;
				CLANG_WARN_EMPTY_BODY = YES;
				CLANG_WARN_ENUM_CONVERSION = YES;
				CLANG_WARN_INFINITE_RECURSION = YES;
				CLANG_WARN_INT_CONVERSION = YES;
				CLANG_WARN_NON_LITERAL_NULL_CONVERSION = YES;
				CLANG_WARN_OBJC_IMPLICIT_RETAIN_SELF = YES;
				CLANG_WARN_OBJC_LITERAL_CONVERSION = YES;
				CLANG_WARN_OBJC_ROOT_CLASS = YES_ERROR;
				CLANG_WARN_QUOTED_INCLUDE_IN_FRAMEWORK_HEADER = YES;
				CLANG_WARN_RANGE_LOOP_ANALYSIS = YES;
				CLANG_WARN_STRICT_PROTOTYPES = YES;
				CLANG_WARN_SUSPICIOUS_MOVE = YES;
				CLANG_WARN_UNGUARDED_AVAILABILITY = YES_AGGRESSIVE;
				CLANG_WARN_UNREACHABLE_CODE = YES;
				CLANG_WARN__DUPLICATE_METHOD_MATCH = YES;
				COPY_PHASE_STRIP = NO;
				DEBUG_INFORMATION_FORMAT = dwarf;
				ENABLE_STRICT_OBJC_MSGSEND = YES;
				ENABLE_TESTABILITY = YES;
				ENABLE_USER_SCRIPT_SANDBOXING = YES;
				GCC_C_LANGUAGE_STANDARD = gnu17;
				GCC_DYNAMIC_NO_PIC = NO;
				GCC_NO_COMMON_BLOCKS = YES;
				GCC_OPTIMIZATION_LEVEL = 0;
				GCC_PREPROCESSOR_DEFINITIONS = (
					"DEBUG=1",
					"$(inherited)",
				);
				GCC_WARN_64_TO_32_BIT_CONVERSION = YES;
				GCC_WARN_ABOUT_RETURN_TYPE = YES_ERROR;
				GCC_WARN_UNDECLARED_SELECTOR = YES;
				GCC_WARN_UNINITIALIZED_AUTOS = YES_AGGRESSIVE;
				GCC_WARN_UNUSED_FUNCTION = YES;
				GCC_WARN_UNUSED_VARIABLE = YES;
				IPHONEOS_DEPLOYMENT_TARGET = 17.0;
				LOCALIZATION_PREFERS_STRING_CATALOGS = YES;
				MTL_ENABLE_DEBUG_INFO = INCLUDE_SOURCE;
				MTL_FAST_MATH = YES;
				ONLY_ACTIVE_ARCH = YES;
				SDKROOT = iphoneos;
				SWIFT_ACTIVE_COMPILATION_CONDITIONS = "DEBUG $(inherited)";
				SWIFT_OPTIMIZATION_LEVEL = "-Onone";
			};
			name = Debug;
		};
		78E629D52AED73A500CBB373 /* Release */ = {
			isa = XCBuildConfiguration;
			buildSettings = {
				ALWAYS_SEARCH_USER_PATHS = NO;
				ASSETCATALOG_COMPILER_GENERATE_SWIFT_ASSET_SYMBOL_EXTENSIONS = YES;
				CLANG_ANALYZER_NONNULL = YES;
				CLANG_ANALYZER_NUMBER_OBJECT_CONVERSION = YES_AGGRESSIVE;
				CLANG_CXX_LANGUAGE_STANDARD = "gnu++20";
				CLANG_ENABLE_MODULES = YES;
				CLANG_ENABLE_OBJC_ARC = YES;
				CLANG_ENABLE_OBJC_WEAK = YES;
				CLANG_WARN_BLOCK_CAPTURE_AUTORELEASING = YES;
				CLANG_WARN_BOOL_CONVERSION = YES;
				CLANG_WARN_COMMA = YES;
				CLANG_WARN_CONSTANT_CONVERSION = YES;
				CLANG_WARN_DEPRECATED_OBJC_IMPLEMENTATIONS = YES;
				CLANG_WARN_DIRECT_OBJC_ISA_USAGE = YES_ERROR;
				CLANG_WARN_DOCUMENTATION_COMMENTS = YES;
				CLANG_WARN_EMPTY_BODY = YES;
				CLANG_WARN_ENUM_CONVERSION = YES;
				CLANG_WARN_INFINITE_RECURSION = YES;
				CLANG_WARN_INT_CONVERSION = YES;
				CLANG_WARN_NON_LITERAL_NULL_CONVERSION = YES;
				CLANG_WARN_OBJC_IMPLICIT_RETAIN_SELF = YES;
				CLANG_WARN_OBJC_LITERAL_CONVERSION = YES;
				CLANG_WARN_OBJC_ROOT_CLASS = YES_ERROR;
				CLANG_WARN_QUOTED_INCLUDE_IN_FRAMEWORK_HEADER = YES;
				CLANG_WARN_RANGE_LOOP_ANALYSIS = YES;
				CLANG_WARN_STRICT_PROTOTYPES = YES;
				CLANG_WARN_SUSPICIOUS_MOVE = YES;
				CLANG_WARN_UNGUARDED_AVAILABILITY = YES_AGGRESSIVE;
				CLANG_WARN_UNREACHABLE_CODE = YES;
				CLANG_WARN__DUPLICATE_METHOD_MATCH = YES;
				COPY_PHASE_STRIP = NO;
				DEBUG_INFORMATION_FORMAT = "dwarf-with-dsym";
				ENABLE_NS_ASSERTIONS = NO;
				ENABLE_STRICT_OBJC_MSGSEND = YES;
				ENABLE_USER_SCRIPT_SANDBOXING = YES;
				GCC_C_LANGUAGE_STANDARD = gnu17;
				GCC_NO_COMMON_BLOCKS = YES;
				GCC_WARN_64_TO_32_BIT_CONVERSION = YES;
				GCC_WARN_ABOUT_RETURN_TYPE = YES_ERROR;
				GCC_WARN_UNDECLARED_SELECTOR = YES;
				GCC_WARN_UNINITIALIZED_AUTOS = YES_AGGRESSIVE;
				GCC_WARN_UNUSED_FUNCTION = YES;
				GCC_WARN_UNUSED_VARIABLE = YES;
				IPHONEOS_DEPLOYMENT_TARGET = 17.0;
				LOCALIZATION_PREFERS_STRING_CATALOGS = YES;
				MTL_ENABLE_DEBUG_INFO = NO;
				MTL_FAST_MATH = YES;
				SDKROOT = iphoneos;
				SWIFT_COMPILATION_MODE = wholemodule;
				VALIDATE_PRODUCT = YES;
			};
			name = Release;
		};
		78E629D72AED73A500CBB373 /* Debug */ = {
			isa = XCBuildConfiguration;
			buildSettings = {
				ASSETCATALOG_COMPILER_APPICON_NAME = AppIcon;
				ASSETCATALOG_COMPILER_GLOBAL_ACCENT_COLOR_NAME = AccentColor;
				CODE_SIGN_STYLE = Automatic;
				CURRENT_PROJECT_VERSION = 1;
				DEVELOPMENT_ASSET_PATHS = "\"bemLembrar/Preview Content\"";
				DEVELOPMENT_TEAM = 225S533H7W;
				ENABLE_PREVIEWS = YES;
				GENERATE_INFOPLIST_FILE = YES;
				INFOPLIST_KEY_CFBundleDisplayName = "Bem Lembrar";
				INFOPLIST_KEY_LSApplicationCategoryType = "public.app-category.utilities";
				INFOPLIST_KEY_NSContactsUsageDescription = "Isso permite Bem Lembrar a deixar você escolher seus clientes e suas preferências.";
				INFOPLIST_KEY_UIApplicationSceneManifest_Generation = YES;
				INFOPLIST_KEY_UIApplicationSupportsIndirectInputEvents = YES;
				INFOPLIST_KEY_UILaunchScreen_Generation = YES;
				INFOPLIST_KEY_UISupportedInterfaceOrientations = UIInterfaceOrientationPortrait;
				INFOPLIST_KEY_UISupportedInterfaceOrientations_iPad = "UIInterfaceOrientationLandscapeLeft UIInterfaceOrientationLandscapeRight UIInterfaceOrientationPortrait UIInterfaceOrientationPortraitUpsideDown";
				IPHONEOS_DEPLOYMENT_TARGET = 16.0;
				LD_RUNPATH_SEARCH_PATHS = (
					"$(inherited)",
					"@executable_path/Frameworks",
				);
				MARKETING_VERSION = 1.0;
				PRODUCT_BUNDLE_IDENTIFIER = com.haskz.bemLembrar;
				PRODUCT_NAME = "$(TARGET_NAME)";
				SUPPORTED_PLATFORMS = "iphoneos iphonesimulator";
				SUPPORTS_MACCATALYST = NO;
				SUPPORTS_MAC_DESIGNED_FOR_IPHONE_IPAD = NO;
				SWIFT_EMIT_LOC_STRINGS = YES;
				SWIFT_VERSION = 5.0;
				TARGETED_DEVICE_FAMILY = 1;
			};
			name = Debug;
		};
		78E629D82AED73A500CBB373 /* Release */ = {
			isa = XCBuildConfiguration;
			buildSettings = {
				ASSETCATALOG_COMPILER_APPICON_NAME = AppIcon;
				ASSETCATALOG_COMPILER_GLOBAL_ACCENT_COLOR_NAME = AccentColor;
				CODE_SIGN_STYLE = Automatic;
				CURRENT_PROJECT_VERSION = 1;
				DEVELOPMENT_ASSET_PATHS = "\"bemLembrar/Preview Content\"";
				DEVELOPMENT_TEAM = 225S533H7W;
				ENABLE_PREVIEWS = YES;
				GENERATE_INFOPLIST_FILE = YES;
				INFOPLIST_KEY_CFBundleDisplayName = "Bem Lembrar";
				INFOPLIST_KEY_LSApplicationCategoryType = "public.app-category.utilities";
				INFOPLIST_KEY_NSContactsUsageDescription = "Isso permite Bem Lembrar a deixar você escolher seus clientes e suas preferências.";
				INFOPLIST_KEY_UIApplicationSceneManifest_Generation = YES;
				INFOPLIST_KEY_UIApplicationSupportsIndirectInputEvents = YES;
				INFOPLIST_KEY_UILaunchScreen_Generation = YES;
				INFOPLIST_KEY_UISupportedInterfaceOrientations = UIInterfaceOrientationPortrait;
				INFOPLIST_KEY_UISupportedInterfaceOrientations_iPad = "UIInterfaceOrientationLandscapeLeft UIInterfaceOrientationLandscapeRight UIInterfaceOrientationPortrait UIInterfaceOrientationPortraitUpsideDown";
				IPHONEOS_DEPLOYMENT_TARGET = 16.0;
				LD_RUNPATH_SEARCH_PATHS = (
					"$(inherited)",
					"@executable_path/Frameworks",
				);
				MARKETING_VERSION = 1.0;
				PRODUCT_BUNDLE_IDENTIFIER = com.haskz.bemLembrar;
				PRODUCT_NAME = "$(TARGET_NAME)";
				SUPPORTED_PLATFORMS = "iphoneos iphonesimulator";
				SUPPORTS_MACCATALYST = NO;
				SUPPORTS_MAC_DESIGNED_FOR_IPHONE_IPAD = NO;
				SWIFT_EMIT_LOC_STRINGS = YES;
				SWIFT_VERSION = 5.0;
				TARGETED_DEVICE_FAMILY = 1;
			};
			name = Release;
		};
/* End XCBuildConfiguration section */

/* Begin XCConfigurationList section */
		78E629C32AED73A400CBB373 /* Build configuration list for PBXProject "bemLembrar" */ = {
			isa = XCConfigurationList;
			buildConfigurations = (
				78E629D42AED73A500CBB373 /* Debug */,
				78E629D52AED73A500CBB373 /* Release */,
			);
			defaultConfigurationIsVisible = 0;
			defaultConfigurationName = Release;
		};
		78E629D62AED73A500CBB373 /* Build configuration list for PBXNativeTarget "bemLembrar" */ = {
			isa = XCConfigurationList;
			buildConfigurations = (
				78E629D72AED73A500CBB373 /* Debug */,
				78E629D82AED73A500CBB373 /* Release */,
			);
			defaultConfigurationIsVisible = 0;
			defaultConfigurationName = Release;
		};
/* End XCConfigurationList section */
	};
	rootObject = 78E629C02AED73A400CBB373 /* Project object */;
}
