// !$*UTF8*$!
{
	archiveVersion = 1;
	classes = {
	};
	objectVersion = 56;
	objects = {

/* Begin PBXBuildFile section */
		783E55DE2AF0A20B00921298 /* ContactView.swift in Sources */ = {isa = PBXBuildFile; fileRef = 783E55DD2AF0A20B00921298 /* ContactView.swift */; };
		783E55E02AF0A22700921298 /* InitialContact.swift in Sources */ = {isa = PBXBuildFile; fileRef = 783E55DF2AF0A22700921298 /* InitialContact.swift */; };
		783E55E22AF0A2D200921298 /* ContactViewModel.swift in Sources */ = {isa = PBXBuildFile; fileRef = 783E55E12AF0A2D200921298 /* ContactViewModel.swift */; };
		783E55E52AF0A55800921298 /* ContactSelectCard.swift in Sources */ = {isa = PBXBuildFile; fileRef = 783E55E42AF0A55800921298 /* ContactSelectCard.swift */; };
		783E55E82AF0A64D00921298 /* Extension.swift in Sources */ = {isa = PBXBuildFile; fileRef = 783E55E72AF0A64D00921298 /* Extension.swift */; };
		783E55EA2AF1804900921298 /* Contact.swift in Sources */ = {isa = PBXBuildFile; fileRef = 783E55E92AF1804900921298 /* Contact.swift */; };
		783E55EC2AF1824000921298 /* ContactDataSource.swift in Sources */ = {isa = PBXBuildFile; fileRef = 783E55EB2AF1824000921298 /* ContactDataSource.swift */; };
		783E55FE2AF2D59400921298 /* RouterService.swift in Sources */ = {isa = PBXBuildFile; fileRef = 783E55FD2AF2D59400921298 /* RouterService.swift */; };
		783E56002AF2DAFD00921298 /* AddContactsButton.swift in Sources */ = {isa = PBXBuildFile; fileRef = 783E55FF2AF2DAFD00921298 /* AddContactsButton.swift */; };
		78E629CC2AED73A400CBB373 /* mini3App.swift in Sources */ = {isa = PBXBuildFile; fileRef = 78E629CB2AED73A400CBB373 /* mini3App.swift */; };
		78E629CE2AED73A400CBB373 /* ContentView.swift in Sources */ = {isa = PBXBuildFile; fileRef = 78E629CD2AED73A400CBB373 /* ContentView.swift */; };
		78E629D02AED73A500CBB373 /* Assets.xcassets in Resources */ = {isa = PBXBuildFile; fileRef = 78E629CF2AED73A500CBB373 /* Assets.xcassets */; };
		78E629D32AED73A500CBB373 /* Preview Assets.xcassets in Resources */ = {isa = PBXBuildFile; fileRef = 78E629D22AED73A500CBB373 /* Preview Assets.xcassets */; };
/* End PBXBuildFile section */

/* Begin PBXFileReference section */
		783E55DD2AF0A20B00921298 /* ContactView.swift */ = {isa = PBXFileReference; lastKnownFileType = sourcecode.swift; path = ContactView.swift; sourceTree = "<group>"; };
		783E55DF2AF0A22700921298 /* InitialContact.swift */ = {isa = PBXFileReference; lastKnownFileType = sourcecode.swift; path = InitialContact.swift; sourceTree = "<group>"; };
		783E55E12AF0A2D200921298 /* ContactViewModel.swift */ = {isa = PBXFileReference; lastKnownFileType = sourcecode.swift; path = ContactViewModel.swift; sourceTree = "<group>"; };
		783E55E42AF0A55800921298 /* ContactSelectCard.swift */ = {isa = PBXFileReference; lastKnownFileType = sourcecode.swift; path = ContactSelectCard.swift; sourceTree = "<group>"; };
		783E55E72AF0A64D00921298 /* Extension.swift */ = {isa = PBXFileReference; lastKnownFileType = sourcecode.swift; path = Extension.swift; sourceTree = "<group>"; };
		783E55E92AF1804900921298 /* Contact.swift */ = {isa = PBXFileReference; lastKnownFileType = sourcecode.swift; path = Contact.swift; sourceTree = "<group>"; };
		783E55EB2AF1824000921298 /* ContactDataSource.swift */ = {isa = PBXFileReference; lastKnownFileType = sourcecode.swift; path = ContactDataSource.swift; sourceTree = "<group>"; };
		783E55FD2AF2D59400921298 /* RouterService.swift */ = {isa = PBXFileReference; lastKnownFileType = sourcecode.swift; path = RouterService.swift; sourceTree = "<group>"; };
		783E55FF2AF2DAFD00921298 /* AddContactsButton.swift */ = {isa = PBXFileReference; lastKnownFileType = sourcecode.swift; path = AddContactsButton.swift; sourceTree = "<group>"; };
		78E629C82AED73A400CBB373 /* mini3.app */ = {isa = PBXFileReference; explicitFileType = wrapper.application; includeInIndex = 0; path = mini3.app; sourceTree = BUILT_PRODUCTS_DIR; };
		78E629CB2AED73A400CBB373 /* mini3App.swift */ = {isa = PBXFileReference; lastKnownFileType = sourcecode.swift; path = mini3App.swift; sourceTree = "<group>"; };
		78E629CD2AED73A400CBB373 /* ContentView.swift */ = {isa = PBXFileReference; lastKnownFileType = sourcecode.swift; path = ContentView.swift; sourceTree = "<group>"; };
		78E629CF2AED73A500CBB373 /* Assets.xcassets */ = {isa = PBXFileReference; lastKnownFileType = folder.assetcatalog; path = Assets.xcassets; sourceTree = "<group>"; };
		78E629D22AED73A500CBB373 /* Preview Assets.xcassets */ = {isa = PBXFileReference; lastKnownFileType = folder.assetcatalog; path = "Preview Assets.xcassets"; sourceTree = "<group>"; };
/* End PBXFileReference section */

/* Begin PBXFrameworksBuildPhase section */
		78E629C52AED73A400CBB373 /* Frameworks */ = {
			isa = PBXFrameworksBuildPhase;
			buildActionMask = 2147483647;
			files = (
			);
			runOnlyForDeploymentPostprocessing = 0;
		};
/* End PBXFrameworksBuildPhase section */

/* Begin PBXGroup section */
		783E55DA2AF01CBC00921298 /* View */ = {
			isa = PBXGroup;
			children = (
				783E55DD2AF0A20B00921298 /* ContactView.swift */,
			);
			path = View;
			sourceTree = "<group>";
		};
		783E55DB2AF01CC900921298 /* ViewModel */ = {
			isa = PBXGroup;
			children = (
				783E55E12AF0A2D200921298 /* ContactViewModel.swift */,
			);
			path = ViewModel;
			sourceTree = "<group>";
		};
		783E55DC2AF01CEE00921298 /* Model */ = {
			isa = PBXGroup;
			children = (
				783E55DF2AF0A22700921298 /* InitialContact.swift */,
				783E55E92AF1804900921298 /* Contact.swift */,
				783E55EB2AF1824000921298 /* ContactDataSource.swift */,
			);
			path = Model;
			sourceTree = "<group>";
		};
		783E55E32AF0A54300921298 /* Components */ = {
			isa = PBXGroup;
			children = (
				783E55E42AF0A55800921298 /* ContactSelectCard.swift */,
				783E55FF2AF2DAFD00921298 /* AddContactsButton.swift */,
			);
			path = Components;
			sourceTree = "<group>";
		};
		783E55E62AF0A63E00921298 /* Utils */ = {
			isa = PBXGroup;
			children = (
				783E55E72AF0A64D00921298 /* Extension.swift */,
			);
			path = Utils;
			sourceTree = "<group>";
		};
		783E55FC2AF2D58200921298 /* Services */ = {
			isa = PBXGroup;
			children = (
				783E55FD2AF2D59400921298 /* RouterService.swift */,
			);
			path = Services;
			sourceTree = "<group>";
		};
		78E629BF2AED73A400CBB373 = {
			isa = PBXGroup;
			children = (
				78E629CA2AED73A400CBB373 /* mini3 */,
				78E629C92AED73A400CBB373 /* Products */,
			);
			sourceTree = "<group>";
		};
		78E629C92AED73A400CBB373 /* Products */ = {
			isa = PBXGroup;
			children = (
				78E629C82AED73A400CBB373 /* mini3.app */,
			);
			name = Products;
			sourceTree = "<group>";
		};
		78E629CA2AED73A400CBB373 /* mini3 */ = {
			isa = PBXGroup;
			children = (
				78E629CB2AED73A400CBB373 /* mini3App.swift */,
				78E629CD2AED73A400CBB373 /* ContentView.swift */,
				783E55E32AF0A54300921298 /* Components */,
				783E55DA2AF01CBC00921298 /* View */,
				783E55DB2AF01CC900921298 /* ViewModel */,
				783E55DC2AF01CEE00921298 /* Model */,
				783E55FC2AF2D58200921298 /* Services */,
				783E55E62AF0A63E00921298 /* Utils */,
				78E629CF2AED73A500CBB373 /* Assets.xcassets */,
				78E629D12AED73A500CBB373 /* Preview Content */,
			);
			path = mini3;
			sourceTree = "<group>";
		};
		78E629D12AED73A500CBB373 /* Preview Content */ = {
			isa = PBXGroup;
			children = (
				78E629D22AED73A500CBB373 /* Preview Assets.xcassets */,
			);
			path = "Preview Content";
			sourceTree = "<group>";
		};
/* End PBXGroup section */

/* Begin PBXNativeTarget section */
		78E629C72AED73A400CBB373 /* mini3 */ = {
			isa = PBXNativeTarget;
			buildConfigurationList = 78E629D62AED73A500CBB373 /* Build configuration list for PBXNativeTarget "mini3" */;
			buildPhases = (
				78E629C42AED73A400CBB373 /* Sources */,
				78E629C52AED73A400CBB373 /* Frameworks */,
				78E629C62AED73A400CBB373 /* Resources */,
			);
			buildRules = (
			);
			dependencies = (
			);
			name = mini3;
			productName = mini3;
			productReference = 78E629C82AED73A400CBB373 /* mini3.app */;
			productType = "com.apple.product-type.application";
		};
/* End PBXNativeTarget section */

/* Begin PBXProject section */
		78E629C02AED73A400CBB373 /* Project object */ = {
			isa = PBXProject;
			attributes = {
				BuildIndependentTargetsInParallel = 1;
				LastSwiftUpdateCheck = 1500;
				LastUpgradeCheck = 1500;
				TargetAttributes = {
					78E629C72AED73A400CBB373 = {
						CreatedOnToolsVersion = 15.0.1;
					};
				};
			};
			buildConfigurationList = 78E629C32AED73A400CBB373 /* Build configuration list for PBXProject "mini3" */;
			compatibilityVersion = "Xcode 14.0";
			developmentRegion = en;
			hasScannedForEncodings = 0;
			knownRegions = (
				en,
				Base,
			);
			mainGroup = 78E629BF2AED73A400CBB373;
			productRefGroup = 78E629C92AED73A400CBB373 /* Products */;
			projectDirPath = "";
			projectRoot = "";
			targets = (
				78E629C72AED73A400CBB373 /* mini3 */,
			);
		};
/* End PBXProject section */

/* Begin PBXResourcesBuildPhase section */
		78E629C62AED73A400CBB373 /* Resources */ = {
			isa = PBXResourcesBuildPhase;
			buildActionMask = 2147483647;
			files = (
				78E629D32AED73A500CBB373 /* Preview Assets.xcassets in Resources */,
				78E629D02AED73A500CBB373 /* Assets.xcassets in Resources */,
			);
			runOnlyForDeploymentPostprocessing = 0;
		};
/* End PBXResourcesBuildPhase section */

/* Begin PBXSourcesBuildPhase section */
		78E629C42AED73A400CBB373 /* Sources */ = {
			isa = PBXSourcesBuildPhase;
			buildActionMask = 2147483647;
			files = (
				783E55E52AF0A55800921298 /* ContactSelectCard.swift in Sources */,
				78E629CE2AED73A400CBB373 /* ContentView.swift in Sources */,
				783E55EC2AF1824000921298 /* ContactDataSource.swift in Sources */,
				783E55E82AF0A64D00921298 /* Extension.swift in Sources */,
				783E55E02AF0A22700921298 /* InitialContact.swift in Sources */,
				783E55EA2AF1804900921298 /* Contact.swift in Sources */,
				783E55FE2AF2D59400921298 /* RouterService.swift in Sources */,
				783E55E22AF0A2D200921298 /* ContactViewModel.swift in Sources */,
				783E56002AF2DAFD00921298 /* AddContactsButton.swift in Sources */,
				783E55DE2AF0A20B00921298 /* ContactView.swift in Sources */,
				78E629CC2AED73A400CBB373 /* mini3App.swift in Sources */,
			);
			runOnlyForDeploymentPostprocessing = 0;
		};
/* End PBXSourcesBuildPhase section */

/* Begin XCBuildConfiguration section */
		78E629D42AED73A500CBB373 /* Debug */ = {
			isa = XCBuildConfiguration;
			buildSettings = {
				ALWAYS_SEARCH_USER_PATHS = NO;
				ASSETCATALOG_COMPILER_GENERATE_SWIFT_ASSET_SYMBOL_EXTENSIONS = YES;
				CLANG_ANALYZER_NONNULL = YES;
				CLANG_ANALYZER_NUMBER_OBJECT_CONVERSION = YES_AGGRESSIVE;
				CLANG_CXX_LANGUAGE_STANDARD = "gnu++20";
				CLANG_ENABLE_MODULES = YES;
				CLANG_ENABLE_OBJC_ARC = YES;
				CLANG_ENABLE_OBJC_WEAK = YES;
				CLANG_WARN_BLOCK_CAPTURE_AUTORELEASING = YES;
				CLANG_WARN_BOOL_CONVERSION = YES;
				CLANG_WARN_COMMA = YES;
				CLANG_WARN_CONSTANT_CONVERSION = YES;
				CLANG_WARN_DEPRECATED_OBJC_IMPLEMENTATIONS = YES;
				CLANG_WARN_DIRECT_OBJC_ISA_USAGE = YES_ERROR;
				CLANG_WARN_DOCUMENTATION_COMMENTS = YES;
				CLANG_WARN_EMPTY_BODY = YES;
				CLANG_WARN_ENUM_CONVERSION = YES;
				CLANG_WARN_INFINITE_RECURSION = YES;
				CLANG_WARN_INT_CONVERSION = YES;
				CLANG_WARN_NON_LITERAL_NULL_CONVERSION = YES;
				CLANG_WARN_OBJC_IMPLICIT_RETAIN_SELF = YES;
				CLANG_WARN_OBJC_LITERAL_CONVERSION = YES;
				CLANG_WARN_OBJC_ROOT_CLASS = YES_ERROR;
				CLANG_WARN_QUOTED_INCLUDE_IN_FRAMEWORK_HEADER = YES;
				CLANG_WARN_RANGE_LOOP_ANALYSIS = YES;
				CLANG_WARN_STRICT_PROTOTYPES = YES;
				CLANG_WARN_SUSPICIOUS_MOVE = YES;
				CLANG_WARN_UNGUARDED_AVAILABILITY = YES_AGGRESSIVE;
				CLANG_WARN_UNREACHABLE_CODE = YES;
				CLANG_WARN__DUPLICATE_METHOD_MATCH = YES;
				COPY_PHASE_STRIP = NO;
				DEBUG_INFORMATION_FORMAT = dwarf;
				ENABLE_STRICT_OBJC_MSGSEND = YES;
				ENABLE_TESTABILITY = YES;
				ENABLE_USER_SCRIPT_SANDBOXING = YES;
				GCC_C_LANGUAGE_STANDARD = gnu17;
				GCC_DYNAMIC_NO_PIC = NO;
				GCC_NO_COMMON_BLOCKS = YES;
				GCC_OPTIMIZATION_LEVEL = 0;
				GCC_PREPROCESSOR_DEFINITIONS = (
					"DEBUG=1",
					"$(inherited)",
				);
				GCC_WARN_64_TO_32_BIT_CONVERSION = YES;
				GCC_WARN_ABOUT_RETURN_TYPE = YES_ERROR;
				GCC_WARN_UNDECLARED_SELECTOR = YES;
				GCC_WARN_UNINITIALIZED_AUTOS = YES_AGGRESSIVE;
				GCC_WARN_UNUSED_FUNCTION = YES;
				GCC_WARN_UNUSED_VARIABLE = YES;
				IPHONEOS_DEPLOYMENT_TARGET = 17.0;
				LOCALIZATION_PREFERS_STRING_CATALOGS = YES;
				MTL_ENABLE_DEBUG_INFO = INCLUDE_SOURCE;
				MTL_FAST_MATH = YES;
				ONLY_ACTIVE_ARCH = YES;
				SDKROOT = iphoneos;
				SWIFT_ACTIVE_COMPILATION_CONDITIONS = "DEBUG $(inherited)";
				SWIFT_OPTIMIZATION_LEVEL = "-Onone";
			};
			name = Debug;
		};
		78E629D52AED73A500CBB373 /* Release */ = {
			isa = XCBuildConfiguration;
			buildSettings = {
				ALWAYS_SEARCH_USER_PATHS = NO;
				ASSETCATALOG_COMPILER_GENERATE_SWIFT_ASSET_SYMBOL_EXTENSIONS = YES;
				CLANG_ANALYZER_NONNULL = YES;
				CLANG_ANALYZER_NUMBER_OBJECT_CONVERSION = YES_AGGRESSIVE;
				CLANG_CXX_LANGUAGE_STANDARD = "gnu++20";
				CLANG_ENABLE_MODULES = YES;
				CLANG_ENABLE_OBJC_ARC = YES;
				CLANG_ENABLE_OBJC_WEAK = YES;
				CLANG_WARN_BLOCK_CAPTURE_AUTORELEASING = YES;
				CLANG_WARN_BOOL_CONVERSION = YES;
				CLANG_WARN_COMMA = YES;
				CLANG_WARN_CONSTANT_CONVERSION = YES;
				CLANG_WARN_DEPRECATED_OBJC_IMPLEMENTATIONS = YES;
				CLANG_WARN_DIRECT_OBJC_ISA_USAGE = YES_ERROR;
				CLANG_WARN_DOCUMENTATION_COMMENTS = YES;
				CLANG_WARN_EMPTY_BODY = YES;
				CLANG_WARN_ENUM_CONVERSION = YES;
				CLANG_WARN_INFINITE_RECURSION = YES;
				CLANG_WARN_INT_CONVERSION = YES;
				CLANG_WARN_NON_LITERAL_NULL_CONVERSION = YES;
				CLANG_WARN_OBJC_IMPLICIT_RETAIN_SELF = YES;
				CLANG_WARN_OBJC_LITERAL_CONVERSION = YES;
				CLANG_WARN_OBJC_ROOT_CLASS = YES_ERROR;
				CLANG_WARN_QUOTED_INCLUDE_IN_FRAMEWORK_HEADER = YES;
				CLANG_WARN_RANGE_LOOP_ANALYSIS = YES;
				CLANG_WARN_STRICT_PROTOTYPES = YES;
				CLANG_WARN_SUSPICIOUS_MOVE = YES;
				CLANG_WARN_UNGUARDED_AVAILABILITY = YES_AGGRESSIVE;
				CLANG_WARN_UNREACHABLE_CODE = YES;
				CLANG_WARN__DUPLICATE_METHOD_MATCH = YES;
				COPY_PHASE_STRIP = NO;
				DEBUG_INFORMATION_FORMAT = "dwarf-with-dsym";
				ENABLE_NS_ASSERTIONS = NO;
				ENABLE_STRICT_OBJC_MSGSEND = YES;
				ENABLE_USER_SCRIPT_SANDBOXING = YES;
				GCC_C_LANGUAGE_STANDARD = gnu17;
				GCC_NO_COMMON_BLOCKS = YES;
				GCC_WARN_64_TO_32_BIT_CONVERSION = YES;
				GCC_WARN_ABOUT_RETURN_TYPE = YES_ERROR;
				GCC_WARN_UNDECLARED_SELECTOR = YES;
				GCC_WARN_UNINITIALIZED_AUTOS = YES_AGGRESSIVE;
				GCC_WARN_UNUSED_FUNCTION = YES;
				GCC_WARN_UNUSED_VARIABLE = YES;
				IPHONEOS_DEPLOYMENT_TARGET = 17.0;
				LOCALIZATION_PREFERS_STRING_CATALOGS = YES;
				MTL_ENABLE_DEBUG_INFO = NO;
				MTL_FAST_MATH = YES;
				SDKROOT = iphoneos;
				SWIFT_COMPILATION_MODE = wholemodule;
				VALIDATE_PRODUCT = YES;
			};
			name = Release;
		};
		78E629D72AED73A500CBB373 /* Debug */ = {
			isa = XCBuildConfiguration;
			buildSettings = {
				ASSETCATALOG_COMPILER_APPICON_NAME = AppIcon;
				ASSETCATALOG_COMPILER_GLOBAL_ACCENT_COLOR_NAME = AccentColor;
				CODE_SIGN_STYLE = Automatic;
				CURRENT_PROJECT_VERSION = 1;
				DEVELOPMENT_ASSET_PATHS = "\"mini3/Preview Content\"";
				DEVELOPMENT_TEAM = 225S533H7W;
				ENABLE_PREVIEWS = YES;
				GENERATE_INFOPLIST_FILE = YES;
				INFOPLIST_KEY_NSContactsUsageDescription = teste;
				INFOPLIST_KEY_UIApplicationSceneManifest_Generation = YES;
				INFOPLIST_KEY_UIApplicationSupportsIndirectInputEvents = YES;
				INFOPLIST_KEY_UILaunchScreen_Generation = YES;
				INFOPLIST_KEY_UISupportedInterfaceOrientations_iPad = "UIInterfaceOrientationPortrait UIInterfaceOrientationPortraitUpsideDown UIInterfaceOrientationLandscapeLeft UIInterfaceOrientationLandscapeRight";
				INFOPLIST_KEY_UISupportedInterfaceOrientations_iPhone = "UIInterfaceOrientationPortrait UIInterfaceOrientationLandscapeLeft UIInterfaceOrientationLandscapeRight";
				LD_RUNPATH_SEARCH_PATHS = (
					"$(inherited)",
					"@executable_path/Frameworks",
				);
				MARKETING_VERSION = 1.0;
				PRODUCT_BUNDLE_IDENTIFIER = com.haskz.mini3;
				PRODUCT_NAME = "$(TARGET_NAME)";
				SWIFT_EMIT_LOC_STRINGS = YES;
				SWIFT_VERSION = 5.0;
				TARGETED_DEVICE_FAMILY = "1,2";
			};
			name = Debug;
		};
		78E629D82AED73A500CBB373 /* Release */ = {
			isa = XCBuildConfiguration;
			buildSettings = {
				ASSETCATALOG_COMPILER_APPICON_NAME = AppIcon;
				ASSETCATALOG_COMPILER_GLOBAL_ACCENT_COLOR_NAME = AccentColor;
				CODE_SIGN_STYLE = Automatic;
				CURRENT_PROJECT_VERSION = 1;
				DEVELOPMENT_ASSET_PATHS = "\"mini3/Preview Content\"";
				DEVELOPMENT_TEAM = 225S533H7W;
				ENABLE_PREVIEWS = YES;
				GENERATE_INFOPLIST_FILE = YES;
				INFOPLIST_KEY_NSContactsUsageDescription = teste;
				INFOPLIST_KEY_UIApplicationSceneManifest_Generation = YES;
				INFOPLIST_KEY_UIApplicationSupportsIndirectInputEvents = YES;
				INFOPLIST_KEY_UILaunchScreen_Generation = YES;
				INFOPLIST_KEY_UISupportedInterfaceOrientations_iPad = "UIInterfaceOrientationPortrait UIInterfaceOrientationPortraitUpsideDown UIInterfaceOrientationLandscapeLeft UIInterfaceOrientationLandscapeRight";
				INFOPLIST_KEY_UISupportedInterfaceOrientations_iPhone = "UIInterfaceOrientationPortrait UIInterfaceOrientationLandscapeLeft UIInterfaceOrientationLandscapeRight";
				LD_RUNPATH_SEARCH_PATHS = (
					"$(inherited)",
					"@executable_path/Frameworks",
				);
				MARKETING_VERSION = 1.0;
				PRODUCT_BUNDLE_IDENTIFIER = com.haskz.mini3;
				PRODUCT_NAME = "$(TARGET_NAME)";
				SWIFT_EMIT_LOC_STRINGS = YES;
				SWIFT_VERSION = 5.0;
				TARGETED_DEVICE_FAMILY = "1,2";
			};
			name = Release;
		};
/* End XCBuildConfiguration section */

/* Begin XCConfigurationList section */
		78E629C32AED73A400CBB373 /* Build configuration list for PBXProject "mini3" */ = {
			isa = XCConfigurationList;
			buildConfigurations = (
				78E629D42AED73A500CBB373 /* Debug */,
				78E629D52AED73A500CBB373 /* Release */,
			);
			defaultConfigurationIsVisible = 0;
			defaultConfigurationName = Release;
		};
		78E629D62AED73A500CBB373 /* Build configuration list for PBXNativeTarget "mini3" */ = {
			isa = XCConfigurationList;
			buildConfigurations = (
				78E629D72AED73A500CBB373 /* Debug */,
				78E629D82AED73A500CBB373 /* Release */,
			);
			defaultConfigurationIsVisible = 0;
			defaultConfigurationName = Release;
		};
/* End XCConfigurationList section */
	};
	rootObject = 78E629C02AED73A400CBB373 /* Project object */;
}
