// !$*UTF8*$!
{
	archiveVersion = 1;
	classes = {
	};
	objectVersion = 56;
	objects = {

/* Begin PBXBuildFile section */
		783E55DE2AF0A20B00921298 /* AddClientView.swift in Sources */ = {isa = PBXBuildFile; fileRef = 783E55DD2AF0A20B00921298 /* AddClientView.swift */; };
		783E55E02AF0A22700921298 /* Contact.swift in Sources */ = {isa = PBXBuildFile; fileRef = 783E55DF2AF0A22700921298 /* Contact.swift */; };
		783E55E22AF0A2D200921298 /* AddClientViewModel.swift in Sources */ = {isa = PBXBuildFile; fileRef = 783E55E12AF0A2D200921298 /* AddClientViewModel.swift */; };
		783E55E52AF0A55800921298 /* ContactCard.swift in Sources */ = {isa = PBXBuildFile; fileRef = 783E55E42AF0A55800921298 /* ContactCard.swift */; };
		783E55E82AF0A64D00921298 /* CNMutableContact.swift in Sources */ = {isa = PBXBuildFile; fileRef = 783E55E72AF0A64D00921298 /* CNMutableContact.swift */; };
		783E55EA2AF1804900921298 /* Client.swift in Sources */ = {isa = PBXBuildFile; fileRef = 783E55E92AF1804900921298 /* Client.swift */; };
		783E55EC2AF1824000921298 /* ClientDataSource.swift in Sources */ = {isa = PBXBuildFile; fileRef = 783E55EB2AF1824000921298 /* ClientDataSource.swift */; };
		783E55FE2AF2D59400921298 /* RouterService.swift in Sources */ = {isa = PBXBuildFile; fileRef = 783E55FD2AF2D59400921298 /* RouterService.swift */; };
		783E56042AF3DFB100921298 /* SearchBar.swift in Sources */ = {isa = PBXBuildFile; fileRef = 783E56032AF3DFB100921298 /* SearchBar.swift */; };
		783E56062AF3E5EF00921298 /* UIApplication.swift in Sources */ = {isa = PBXBuildFile; fileRef = 783E56052AF3E5EF00921298 /* UIApplication.swift */; };
		783E56082AF4085D00921298 /* Screen.swift in Sources */ = {isa = PBXBuildFile; fileRef = 783E56072AF4085D00921298 /* Screen.swift */; };
		783E560A2AF40C2A00921298 /* AllClientsViewModel.swift in Sources */ = {isa = PBXBuildFile; fileRef = 783E56092AF40C2A00921298 /* AllClientsViewModel.swift */; };
		783E560C2AF40C8000921298 /* OnboardingView.swift in Sources */ = {isa = PBXBuildFile; fileRef = 783E560B2AF40C8000921298 /* OnboardingView.swift */; };
		783E560E2AF40CFA00921298 /* HomeView.swift in Sources */ = {isa = PBXBuildFile; fileRef = 783E560D2AF40CFA00921298 /* HomeView.swift */; };
		783E56102AF40D8900921298 /* ClientView.swift in Sources */ = {isa = PBXBuildFile; fileRef = 783E560F2AF40D8900921298 /* ClientView.swift */; };
		783E56122AF41A0400921298 /* ClientCard.swift in Sources */ = {isa = PBXBuildFile; fileRef = 783E56112AF41A0400921298 /* ClientCard.swift */; };
		783E56142AF74BB800921298 /* DateComponents.swift in Sources */ = {isa = PBXBuildFile; fileRef = 783E56132AF74BB800921298 /* DateComponents.swift */; };
		783E56182AF7521E00921298 /* PreferencesTags.swift in Sources */ = {isa = PBXBuildFile; fileRef = 783E56172AF7521E00921298 /* PreferencesTags.swift */; };
		783E561A2AF752E500921298 /* IndividualTag.swift in Sources */ = {isa = PBXBuildFile; fileRef = 783E56192AF752E500921298 /* IndividualTag.swift */; };
		783E561C2AF8138F00921298 /* PreferencesView.swift in Sources */ = {isa = PBXBuildFile; fileRef = 783E561B2AF8138F00921298 /* PreferencesView.swift */; };
		783E561E2AF8144B00921298 /* SmellView.swift in Sources */ = {isa = PBXBuildFile; fileRef = 783E561D2AF8144B00921298 /* SmellView.swift */; };
		783E56202AF8145300921298 /* SkinView.swift in Sources */ = {isa = PBXBuildFile; fileRef = 783E561F2AF8145300921298 /* SkinView.swift */; };
		783E56222AF8145800921298 /* ServiceView.swift in Sources */ = {isa = PBXBuildFile; fileRef = 783E56212AF8145800921298 /* ServiceView.swift */; };
		783E56272AF8176300921298 /* TitleBar.swift in Sources */ = {isa = PBXBuildFile; fileRef = 783E56262AF8176300921298 /* TitleBar.swift */; };
		78E629CC2AED73A400CBB373 /* mini3App.swift in Sources */ = {isa = PBXBuildFile; fileRef = 78E629CB2AED73A400CBB373 /* mini3App.swift */; };
		78E629CE2AED73A400CBB373 /* ContentView.swift in Sources */ = {isa = PBXBuildFile; fileRef = 78E629CD2AED73A400CBB373 /* ContentView.swift */; };
		78E629D02AED73A500CBB373 /* Assets.xcassets in Resources */ = {isa = PBXBuildFile; fileRef = 78E629CF2AED73A500CBB373 /* Assets.xcassets */; };
		78E629D32AED73A500CBB373 /* Preview Assets.xcassets in Resources */ = {isa = PBXBuildFile; fileRef = 78E629D22AED73A500CBB373 /* Preview Assets.xcassets */; };
		78FEF4D52AF825CB00A5A6D8 /* PreferenceCard.swift in Sources */ = {isa = PBXBuildFile; fileRef = 78FEF4D42AF825CB00A5A6D8 /* PreferenceCard.swift */; };
		78FEF4D72AF83CBE00A5A6D8 /* PreferencesViewModel.swift in Sources */ = {isa = PBXBuildFile; fileRef = 78FEF4D62AF83CBE00A5A6D8 /* PreferencesViewModel.swift */; };
		78FEF4DB2AF8720500A5A6D8 /* ClientSheetView.swift in Sources */ = {isa = PBXBuildFile; fileRef = 78FEF4DA2AF8720500A5A6D8 /* ClientSheetView.swift */; };
		78FEF4DF2AF8737A00A5A6D8 /* PreferenceType.swift in Sources */ = {isa = PBXBuildFile; fileRef = 78FEF4DE2AF8737A00A5A6D8 /* PreferenceType.swift */; };
		C08A4A2E2AF2D65600C81997 /* AllClientsView.swift in Sources */ = {isa = PBXBuildFile; fileRef = C08A4A2D2AF2D65600C81997 /* AllClientsView.swift */; };
/* End PBXBuildFile section */

/* Begin PBXFileReference section */
		783E55DD2AF0A20B00921298 /* AddClientView.swift */ = {isa = PBXFileReference; lastKnownFileType = sourcecode.swift; path = AddClientView.swift; sourceTree = "<group>"; };
		783E55DF2AF0A22700921298 /* Contact.swift */ = {isa = PBXFileReference; lastKnownFileType = sourcecode.swift; path = Contact.swift; sourceTree = "<group>"; };
		783E55E12AF0A2D200921298 /* AddClientViewModel.swift */ = {isa = PBXFileReference; lastKnownFileType = sourcecode.swift; path = AddClientViewModel.swift; sourceTree = "<group>"; };
		783E55E42AF0A55800921298 /* ContactCard.swift */ = {isa = PBXFileReference; lastKnownFileType = sourcecode.swift; path = ContactCard.swift; sourceTree = "<group>"; };
		783E55E72AF0A64D00921298 /* CNMutableContact.swift */ = {isa = PBXFileReference; lastKnownFileType = sourcecode.swift; path = CNMutableContact.swift; sourceTree = "<group>"; };
		783E55E92AF1804900921298 /* Client.swift */ = {isa = PBXFileReference; lastKnownFileType = sourcecode.swift; path = Client.swift; sourceTree = "<group>"; };
		783E55EB2AF1824000921298 /* ClientDataSource.swift */ = {isa = PBXFileReference; lastKnownFileType = sourcecode.swift; path = ClientDataSource.swift; sourceTree = "<group>"; };
		783E55FD2AF2D59400921298 /* RouterService.swift */ = {isa = PBXFileReference; lastKnownFileType = sourcecode.swift; path = RouterService.swift; sourceTree = "<group>"; };
		783E56032AF3DFB100921298 /* SearchBar.swift */ = {isa = PBXFileReference; lastKnownFileType = sourcecode.swift; path = SearchBar.swift; sourceTree = "<group>"; };
		783E56052AF3E5EF00921298 /* UIApplication.swift */ = {isa = PBXFileReference; lastKnownFileType = sourcecode.swift; path = UIApplication.swift; sourceTree = "<group>"; };
		783E56072AF4085D00921298 /* Screen.swift */ = {isa = PBXFileReference; lastKnownFileType = sourcecode.swift; path = Screen.swift; sourceTree = "<group>"; };
		783E56092AF40C2A00921298 /* AllClientsViewModel.swift */ = {isa = PBXFileReference; lastKnownFileType = sourcecode.swift; path = AllClientsViewModel.swift; sourceTree = "<group>"; };
		783E560B2AF40C8000921298 /* OnboardingView.swift */ = {isa = PBXFileReference; lastKnownFileType = sourcecode.swift; path = OnboardingView.swift; sourceTree = "<group>"; };
		783E560D2AF40CFA00921298 /* HomeView.swift */ = {isa = PBXFileReference; lastKnownFileType = sourcecode.swift; path = HomeView.swift; sourceTree = "<group>"; };
		783E560F2AF40D8900921298 /* ClientView.swift */ = {isa = PBXFileReference; lastKnownFileType = sourcecode.swift; path = ClientView.swift; sourceTree = "<group>"; };
		783E56112AF41A0400921298 /* ClientCard.swift */ = {isa = PBXFileReference; lastKnownFileType = sourcecode.swift; path = ClientCard.swift; sourceTree = "<group>"; };
		783E56132AF74BB800921298 /* DateComponents.swift */ = {isa = PBXFileReference; lastKnownFileType = sourcecode.swift; path = DateComponents.swift; sourceTree = "<group>"; };
		783E56172AF7521E00921298 /* PreferencesTags.swift */ = {isa = PBXFileReference; lastKnownFileType = sourcecode.swift; path = PreferencesTags.swift; sourceTree = "<group>"; };
		783E56192AF752E500921298 /* IndividualTag.swift */ = {isa = PBXFileReference; lastKnownFileType = sourcecode.swift; path = IndividualTag.swift; sourceTree = "<group>"; };
		783E561B2AF8138F00921298 /* PreferencesView.swift */ = {isa = PBXFileReference; lastKnownFileType = sourcecode.swift; path = PreferencesView.swift; sourceTree = "<group>"; };
		783E561D2AF8144B00921298 /* SmellView.swift */ = {isa = PBXFileReference; lastKnownFileType = sourcecode.swift; path = SmellView.swift; sourceTree = "<group>"; };
		783E561F2AF8145300921298 /* SkinView.swift */ = {isa = PBXFileReference; lastKnownFileType = sourcecode.swift; path = SkinView.swift; sourceTree = "<group>"; };
		783E56212AF8145800921298 /* ServiceView.swift */ = {isa = PBXFileReference; lastKnownFileType = sourcecode.swift; path = ServiceView.swift; sourceTree = "<group>"; };
		783E56262AF8176300921298 /* TitleBar.swift */ = {isa = PBXFileReference; lastKnownFileType = sourcecode.swift; path = TitleBar.swift; sourceTree = "<group>"; };
		78E629C82AED73A400CBB373 /* mini3.app */ = {isa = PBXFileReference; explicitFileType = wrapper.application; includeInIndex = 0; path = mini3.app; sourceTree = BUILT_PRODUCTS_DIR; };
		78E629CB2AED73A400CBB373 /* mini3App.swift */ = {isa = PBXFileReference; lastKnownFileType = sourcecode.swift; path = mini3App.swift; sourceTree = "<group>"; };
		78E629CD2AED73A400CBB373 /* ContentView.swift */ = {isa = PBXFileReference; lastKnownFileType = sourcecode.swift; path = ContentView.swift; sourceTree = "<group>"; };
		78E629CF2AED73A500CBB373 /* Assets.xcassets */ = {isa = PBXFileReference; lastKnownFileType = folder.assetcatalog; path = Assets.xcassets; sourceTree = "<group>"; };
		78E629D22AED73A500CBB373 /* Preview Assets.xcassets */ = {isa = PBXFileReference; lastKnownFileType = folder.assetcatalog; path = "Preview Assets.xcassets"; sourceTree = "<group>"; };
		78FEF4D42AF825CB00A5A6D8 /* PreferenceCard.swift */ = {isa = PBXFileReference; lastKnownFileType = sourcecode.swift; path = PreferenceCard.swift; sourceTree = "<group>"; };
		78FEF4D62AF83CBE00A5A6D8 /* PreferencesViewModel.swift */ = {isa = PBXFileReference; lastKnownFileType = sourcecode.swift; path = PreferencesViewModel.swift; sourceTree = "<group>"; };
		78FEF4DA2AF8720500A5A6D8 /* ClientSheetView.swift */ = {isa = PBXFileReference; lastKnownFileType = sourcecode.swift; path = ClientSheetView.swift; sourceTree = "<group>"; };
		78FEF4DE2AF8737A00A5A6D8 /* PreferenceType.swift */ = {isa = PBXFileReference; lastKnownFileType = sourcecode.swift; path = PreferenceType.swift; sourceTree = "<group>"; };
		C08A4A2D2AF2D65600C81997 /* AllClientsView.swift */ = {isa = PBXFileReference; lastKnownFileType = sourcecode.swift; path = AllClientsView.swift; sourceTree = "<group>"; };
/* End PBXFileReference section */

/* Begin PBXFrameworksBuildPhase section */
		78E629C52AED73A400CBB373 /* Frameworks */ = {
			isa = PBXFrameworksBuildPhase;
			buildActionMask = 2147483647;
			files = (
			);
			runOnlyForDeploymentPostprocessing = 0;
		};
/* End PBXFrameworksBuildPhase section */

/* Begin PBXGroup section */
		783E55DA2AF01CBC00921298 /* View */ = {
			isa = PBXGroup;
			children = (
				783E560B2AF40C8000921298 /* OnboardingView.swift */,
				783E560D2AF40CFA00921298 /* HomeView.swift */,
				C08A4A2D2AF2D65600C81997 /* AllClientsView.swift */,
				783E560F2AF40D8900921298 /* ClientView.swift */,
				783E55DD2AF0A20B00921298 /* AddClientView.swift */,
				783E56232AF814B400921298 /* Preferences */,
				78FEF4DD2AF8721C00A5A6D8 /* Sheets */,
			);
			path = View;
			sourceTree = "<group>";
		};
		783E55DB2AF01CC900921298 /* ViewModel */ = {
			isa = PBXGroup;
			children = (
				783E56092AF40C2A00921298 /* AllClientsViewModel.swift */,
				783E55E12AF0A2D200921298 /* AddClientViewModel.swift */,
				78FEF4D62AF83CBE00A5A6D8 /* PreferencesViewModel.swift */,
			);
			path = ViewModel;
			sourceTree = "<group>";
		};
		783E55DC2AF01CEE00921298 /* Model */ = {
			isa = PBXGroup;
			children = (
				783E55DF2AF0A22700921298 /* Contact.swift */,
				783E55E92AF1804900921298 /* Client.swift */,
				783E55EB2AF1824000921298 /* ClientDataSource.swift */,
				783E56072AF4085D00921298 /* Screen.swift */,
				78FEF4DE2AF8737A00A5A6D8 /* PreferenceType.swift */,
			);
			path = Model;
			sourceTree = "<group>";
		};
		783E55E32AF0A54300921298 /* Components */ = {
			isa = PBXGroup;
			children = (
				783E56032AF3DFB100921298 /* SearchBar.swift */,
				783E56262AF8176300921298 /* TitleBar.swift */,
				783E56242AF8172100921298 /* Cards */,
				783E56252AF8172B00921298 /* Tags */,
			);
			path = Components;
			sourceTree = "<group>";
		};
		783E55E62AF0A63E00921298 /* Utils */ = {
			isa = PBXGroup;
			children = (
				783E55E72AF0A64D00921298 /* CNMutableContact.swift */,
				783E56052AF3E5EF00921298 /* UIApplication.swift */,
				783E56132AF74BB800921298 /* DateComponents.swift */,
			);
			path = Utils;
			sourceTree = "<group>";
		};
		783E55FC2AF2D58200921298 /* Services */ = {
			isa = PBXGroup;
			children = (
				783E55FD2AF2D59400921298 /* RouterService.swift */,
			);
			path = Services;
			sourceTree = "<group>";
		};
		783E56232AF814B400921298 /* Preferences */ = {
			isa = PBXGroup;
			children = (
				783E561B2AF8138F00921298 /* PreferencesView.swift */,
				783E561D2AF8144B00921298 /* SmellView.swift */,
				783E561F2AF8145300921298 /* SkinView.swift */,
				783E56212AF8145800921298 /* ServiceView.swift */,
			);
			path = Preferences;
			sourceTree = "<group>";
		};
		783E56242AF8172100921298 /* Cards */ = {
			isa = PBXGroup;
			children = (
				783E55E42AF0A55800921298 /* ContactCard.swift */,
				783E56112AF41A0400921298 /* ClientCard.swift */,
				78FEF4D42AF825CB00A5A6D8 /* PreferenceCard.swift */,
			);
			path = Cards;
			sourceTree = "<group>";
		};
		783E56252AF8172B00921298 /* Tags */ = {
			isa = PBXGroup;
			children = (
				783E56172AF7521E00921298 /* PreferencesTags.swift */,
				783E56192AF752E500921298 /* IndividualTag.swift */,
			);
			path = Tags;
			sourceTree = "<group>";
		};
		78E629BF2AED73A400CBB373 = {
			isa = PBXGroup;
			children = (
				78E629CA2AED73A400CBB373 /* mini3 */,
				78E629C92AED73A400CBB373 /* Products */,
			);
			sourceTree = "<group>";
		};
		78E629C92AED73A400CBB373 /* Products */ = {
			isa = PBXGroup;
			children = (
				78E629C82AED73A400CBB373 /* mini3.app */,
			);
			name = Products;
			sourceTree = "<group>";
		};
		78E629CA2AED73A400CBB373 /* mini3 */ = {
			isa = PBXGroup;
			children = (
				78E629CB2AED73A400CBB373 /* mini3App.swift */,
				78E629CD2AED73A400CBB373 /* ContentView.swift */,
				783E55E32AF0A54300921298 /* Components */,
				783E55DA2AF01CBC00921298 /* View */,
				783E55DB2AF01CC900921298 /* ViewModel */,
				783E55DC2AF01CEE00921298 /* Model */,
				783E55FC2AF2D58200921298 /* Services */,
				783E55E62AF0A63E00921298 /* Utils */,
				78E629CF2AED73A500CBB373 /* Assets.xcassets */,
				78E629D12AED73A500CBB373 /* Preview Content */,
			);
			path = mini3;
			sourceTree = "<group>";
		};
		78E629D12AED73A500CBB373 /* Preview Content */ = {
			isa = PBXGroup;
			children = (
				78E629D22AED73A500CBB373 /* Preview Assets.xcassets */,
			);
			path = "Preview Content";
			sourceTree = "<group>";
		};
		78FEF4DD2AF8721C00A5A6D8 /* Sheets */ = {
			isa = PBXGroup;
			children = (
				78FEF4DA2AF8720500A5A6D8 /* ClientSheetView.swift */,
			);
			path = Sheets;
			sourceTree = "<group>";
		};
/* End PBXGroup section */

/* Begin PBXNativeTarget section */
		78E629C72AED73A400CBB373 /* mini3 */ = {
			isa = PBXNativeTarget;
			buildConfigurationList = 78E629D62AED73A500CBB373 /* Build configuration list for PBXNativeTarget "mini3" */;
			buildPhases = (
				78E629C42AED73A400CBB373 /* Sources */,
				78E629C52AED73A400CBB373 /* Frameworks */,
				78E629C62AED73A400CBB373 /* Resources */,
			);
			buildRules = (
			);
			dependencies = (
			);
			name = mini3;
			productName = mini3;
			productReference = 78E629C82AED73A400CBB373 /* mini3.app */;
			productType = "com.apple.product-type.application";
		};
/* End PBXNativeTarget section */

/* Begin PBXProject section */
		78E629C02AED73A400CBB373 /* Project object */ = {
			isa = PBXProject;
			attributes = {
				BuildIndependentTargetsInParallel = 1;
				LastSwiftUpdateCheck = 1500;
				LastUpgradeCheck = 1500;
				TargetAttributes = {
					78E629C72AED73A400CBB373 = {
						CreatedOnToolsVersion = 15.0.1;
					};
				};
			};
			buildConfigurationList = 78E629C32AED73A400CBB373 /* Build configuration list for PBXProject "mini3" */;
			compatibilityVersion = "Xcode 14.0";
			developmentRegion = en;
			hasScannedForEncodings = 0;
			knownRegions = (
				en,
				Base,
			);
			mainGroup = 78E629BF2AED73A400CBB373;
			productRefGroup = 78E629C92AED73A400CBB373 /* Products */;
			projectDirPath = "";
			projectRoot = "";
			targets = (
				78E629C72AED73A400CBB373 /* mini3 */,
			);
		};
/* End PBXProject section */

/* Begin PBXResourcesBuildPhase section */
		78E629C62AED73A400CBB373 /* Resources */ = {
			isa = PBXResourcesBuildPhase;
			buildActionMask = 2147483647;
			files = (
				78E629D32AED73A500CBB373 /* Preview Assets.xcassets in Resources */,
				78E629D02AED73A500CBB373 /* Assets.xcassets in Resources */,
			);
			runOnlyForDeploymentPostprocessing = 0;
		};
/* End PBXResourcesBuildPhase section */

/* Begin PBXSourcesBuildPhase section */
		78E629C42AED73A400CBB373 /* Sources */ = {
			isa = PBXSourcesBuildPhase;
			buildActionMask = 2147483647;
			files = (
				783E56222AF8145800921298 /* ServiceView.swift in Sources */,
				783E56062AF3E5EF00921298 /* UIApplication.swift in Sources */,
				78FEF4DF2AF8737A00A5A6D8 /* PreferenceType.swift in Sources */,
				78FEF4D72AF83CBE00A5A6D8 /* PreferencesViewModel.swift in Sources */,
				C08A4A2E2AF2D65600C81997 /* AllClientsView.swift in Sources */,
				783E56182AF7521E00921298 /* PreferencesTags.swift in Sources */,
				783E55E52AF0A55800921298 /* ContactCard.swift in Sources */,
				783E56142AF74BB800921298 /* DateComponents.swift in Sources */,
				78FEF4DB2AF8720500A5A6D8 /* ClientSheetView.swift in Sources */,
				78E629CE2AED73A400CBB373 /* ContentView.swift in Sources */,
				783E55EC2AF1824000921298 /* ClientDataSource.swift in Sources */,
				783E56082AF4085D00921298 /* Screen.swift in Sources */,
				783E55E82AF0A64D00921298 /* CNMutableContact.swift in Sources */,
				783E561A2AF752E500921298 /* IndividualTag.swift in Sources */,
				783E55E02AF0A22700921298 /* Contact.swift in Sources */,
				783E56042AF3DFB100921298 /* SearchBar.swift in Sources */,
				783E560E2AF40CFA00921298 /* HomeView.swift in Sources */,
				783E55EA2AF1804900921298 /* Client.swift in Sources */,
				783E561C2AF8138F00921298 /* PreferencesView.swift in Sources */,
				783E55FE2AF2D59400921298 /* RouterService.swift in Sources */,
				783E56122AF41A0400921298 /* ClientCard.swift in Sources */,
				783E560A2AF40C2A00921298 /* AllClientsViewModel.swift in Sources */,
				783E561E2AF8144B00921298 /* SmellView.swift in Sources */,
				78FEF4D52AF825CB00A5A6D8 /* PreferenceCard.swift in Sources */,
				783E55E22AF0A2D200921298 /* AddClientViewModel.swift in Sources */,
				783E56102AF40D8900921298 /* ClientView.swift in Sources */,
				783E55DE2AF0A20B00921298 /* AddClientView.swift in Sources */,
				783E56202AF8145300921298 /* SkinView.swift in Sources */,
				783E560C2AF40C8000921298 /* OnboardingView.swift in Sources */,
				783E56272AF8176300921298 /* TitleBar.swift in Sources */,
				78E629CC2AED73A400CBB373 /* mini3App.swift in Sources */,
			);
			runOnlyForDeploymentPostprocessing = 0;
		};
/* End PBXSourcesBuildPhase section */

/* Begin XCBuildConfiguration section */
		78E629D42AED73A500CBB373 /* Debug */ = {
			isa = XCBuildConfiguration;
			buildSettings = {
				ALWAYS_SEARCH_USER_PATHS = NO;
				ASSETCATALOG_COMPILER_GENERATE_SWIFT_ASSET_SYMBOL_EXTENSIONS = YES;
				CLANG_ANALYZER_NONNULL = YES;
				CLANG_ANALYZER_NUMBER_OBJECT_CONVERSION = YES_AGGRESSIVE;
				CLANG_CXX_LANGUAGE_STANDARD = "gnu++20";
				CLANG_ENABLE_MODULES = YES;
				CLANG_ENABLE_OBJC_ARC = YES;
				CLANG_ENABLE_OBJC_WEAK = YES;
				CLANG_WARN_BLOCK_CAPTURE_AUTORELEASING = YES;
				CLANG_WARN_BOOL_CONVERSION = YES;
				CLANG_WARN_COMMA = YES;
				CLANG_WARN_CONSTANT_CONVERSION = YES;
				CLANG_WARN_DEPRECATED_OBJC_IMPLEMENTATIONS = YES;
				CLANG_WARN_DIRECT_OBJC_ISA_USAGE = YES_ERROR;
				CLANG_WARN_DOCUMENTATION_COMMENTS = YES;
				CLANG_WARN_EMPTY_BODY = YES;
				CLANG_WARN_ENUM_CONVERSION = YES;
				CLANG_WARN_INFINITE_RECURSION = YES;
				CLANG_WARN_INT_CONVERSION = YES;
				CLANG_WARN_NON_LITERAL_NULL_CONVERSION = YES;
				CLANG_WARN_OBJC_IMPLICIT_RETAIN_SELF = YES;
				CLANG_WARN_OBJC_LITERAL_CONVERSION = YES;
				CLANG_WARN_OBJC_ROOT_CLASS = YES_ERROR;
				CLANG_WARN_QUOTED_INCLUDE_IN_FRAMEWORK_HEADER = YES;
				CLANG_WARN_RANGE_LOOP_ANALYSIS = YES;
				CLANG_WARN_STRICT_PROTOTYPES = YES;
				CLANG_WARN_SUSPICIOUS_MOVE = YES;
				CLANG_WARN_UNGUARDED_AVAILABILITY = YES_AGGRESSIVE;
				CLANG_WARN_UNREACHABLE_CODE = YES;
				CLANG_WARN__DUPLICATE_METHOD_MATCH = YES;
				COPY_PHASE_STRIP = NO;
				DEBUG_INFORMATION_FORMAT = dwarf;
				ENABLE_STRICT_OBJC_MSGSEND = YES;
				ENABLE_TESTABILITY = YES;
				ENABLE_USER_SCRIPT_SANDBOXING = YES;
				GCC_C_LANGUAGE_STANDARD = gnu17;
				GCC_DYNAMIC_NO_PIC = NO;
				GCC_NO_COMMON_BLOCKS = YES;
				GCC_OPTIMIZATION_LEVEL = 0;
				GCC_PREPROCESSOR_DEFINITIONS = (
					"DEBUG=1",
					"$(inherited)",
				);
				GCC_WARN_64_TO_32_BIT_CONVERSION = YES;
				GCC_WARN_ABOUT_RETURN_TYPE = YES_ERROR;
				GCC_WARN_UNDECLARED_SELECTOR = YES;
				GCC_WARN_UNINITIALIZED_AUTOS = YES_AGGRESSIVE;
				GCC_WARN_UNUSED_FUNCTION = YES;
				GCC_WARN_UNUSED_VARIABLE = YES;
				IPHONEOS_DEPLOYMENT_TARGET = 17.0;
				LOCALIZATION_PREFERS_STRING_CATALOGS = YES;
				MTL_ENABLE_DEBUG_INFO = INCLUDE_SOURCE;
				MTL_FAST_MATH = YES;
				ONLY_ACTIVE_ARCH = YES;
				SDKROOT = iphoneos;
				SWIFT_ACTIVE_COMPILATION_CONDITIONS = "DEBUG $(inherited)";
				SWIFT_OPTIMIZATION_LEVEL = "-Onone";
			};
			name = Debug;
		};
		78E629D52AED73A500CBB373 /* Release */ = {
			isa = XCBuildConfiguration;
			buildSettings = {
				ALWAYS_SEARCH_USER_PATHS = NO;
				ASSETCATALOG_COMPILER_GENERATE_SWIFT_ASSET_SYMBOL_EXTENSIONS = YES;
				CLANG_ANALYZER_NONNULL = YES;
				CLANG_ANALYZER_NUMBER_OBJECT_CONVERSION = YES_AGGRESSIVE;
				CLANG_CXX_LANGUAGE_STANDARD = "gnu++20";
				CLANG_ENABLE_MODULES = YES;
				CLANG_ENABLE_OBJC_ARC = YES;
				CLANG_ENABLE_OBJC_WEAK = YES;
				CLANG_WARN_BLOCK_CAPTURE_AUTORELEASING = YES;
				CLANG_WARN_BOOL_CONVERSION = YES;
				CLANG_WARN_COMMA = YES;
				CLANG_WARN_CONSTANT_CONVERSION = YES;
				CLANG_WARN_DEPRECATED_OBJC_IMPLEMENTATIONS = YES;
				CLANG_WARN_DIRECT_OBJC_ISA_USAGE = YES_ERROR;
				CLANG_WARN_DOCUMENTATION_COMMENTS = YES;
				CLANG_WARN_EMPTY_BODY = YES;
				CLANG_WARN_ENUM_CONVERSION = YES;
				CLANG_WARN_INFINITE_RECURSION = YES;
				CLANG_WARN_INT_CONVERSION = YES;
				CLANG_WARN_NON_LITERAL_NULL_CONVERSION = YES;
				CLANG_WARN_OBJC_IMPLICIT_RETAIN_SELF = YES;
				CLANG_WARN_OBJC_LITERAL_CONVERSION = YES;
				CLANG_WARN_OBJC_ROOT_CLASS = YES_ERROR;
				CLANG_WARN_QUOTED_INCLUDE_IN_FRAMEWORK_HEADER = YES;
				CLANG_WARN_RANGE_LOOP_ANALYSIS = YES;
				CLANG_WARN_STRICT_PROTOTYPES = YES;
				CLANG_WARN_SUSPICIOUS_MOVE = YES;
				CLANG_WARN_UNGUARDED_AVAILABILITY = YES_AGGRESSIVE;
				CLANG_WARN_UNREACHABLE_CODE = YES;
				CLANG_WARN__DUPLICATE_METHOD_MATCH = YES;
				COPY_PHASE_STRIP = NO;
				DEBUG_INFORMATION_FORMAT = "dwarf-with-dsym";
				ENABLE_NS_ASSERTIONS = NO;
				ENABLE_STRICT_OBJC_MSGSEND = YES;
				ENABLE_USER_SCRIPT_SANDBOXING = YES;
				GCC_C_LANGUAGE_STANDARD = gnu17;
				GCC_NO_COMMON_BLOCKS = YES;
				GCC_WARN_64_TO_32_BIT_CONVERSION = YES;
				GCC_WARN_ABOUT_RETURN_TYPE = YES_ERROR;
				GCC_WARN_UNDECLARED_SELECTOR = YES;
				GCC_WARN_UNINITIALIZED_AUTOS = YES_AGGRESSIVE;
				GCC_WARN_UNUSED_FUNCTION = YES;
				GCC_WARN_UNUSED_VARIABLE = YES;
				IPHONEOS_DEPLOYMENT_TARGET = 17.0;
				LOCALIZATION_PREFERS_STRING_CATALOGS = YES;
				MTL_ENABLE_DEBUG_INFO = NO;
				MTL_FAST_MATH = YES;
				SDKROOT = iphoneos;
				SWIFT_COMPILATION_MODE = wholemodule;
				VALIDATE_PRODUCT = YES;
			};
			name = Release;
		};
		78E629D72AED73A500CBB373 /* Debug */ = {
			isa = XCBuildConfiguration;
			buildSettings = {
				ASSETCATALOG_COMPILER_APPICON_NAME = AppIcon;
				ASSETCATALOG_COMPILER_GLOBAL_ACCENT_COLOR_NAME = AccentColor;
				CODE_SIGN_STYLE = Automatic;
				CURRENT_PROJECT_VERSION = 1;
				DEVELOPMENT_ASSET_PATHS = "\"mini3/Preview Content\"";
				DEVELOPMENT_TEAM = 225S533H7W;
				ENABLE_PREVIEWS = YES;
				GENERATE_INFOPLIST_FILE = YES;
				INFOPLIST_KEY_NSContactsUsageDescription = teste;
				INFOPLIST_KEY_UIApplicationSceneManifest_Generation = YES;
				INFOPLIST_KEY_UIApplicationSupportsIndirectInputEvents = YES;
				INFOPLIST_KEY_UILaunchScreen_Generation = YES;
				INFOPLIST_KEY_UISupportedInterfaceOrientations_iPad = "UIInterfaceOrientationPortrait UIInterfaceOrientationPortraitUpsideDown UIInterfaceOrientationLandscapeLeft UIInterfaceOrientationLandscapeRight";
				INFOPLIST_KEY_UISupportedInterfaceOrientations_iPhone = "UIInterfaceOrientationPortrait UIInterfaceOrientationLandscapeLeft UIInterfaceOrientationLandscapeRight";
				LD_RUNPATH_SEARCH_PATHS = (
					"$(inherited)",
					"@executable_path/Frameworks",
				);
				MARKETING_VERSION = 1.0;
				PRODUCT_BUNDLE_IDENTIFIER = com.haskz.mini3;
				PRODUCT_NAME = "$(TARGET_NAME)";
				SWIFT_EMIT_LOC_STRINGS = YES;
				SWIFT_VERSION = 5.0;
				TARGETED_DEVICE_FAMILY = "1,2";
			};
			name = Debug;
		};
		78E629D82AED73A500CBB373 /* Release */ = {
			isa = XCBuildConfiguration;
			buildSettings = {
				ASSETCATALOG_COMPILER_APPICON_NAME = AppIcon;
				ASSETCATALOG_COMPILER_GLOBAL_ACCENT_COLOR_NAME = AccentColor;
				CODE_SIGN_STYLE = Automatic;
				CURRENT_PROJECT_VERSION = 1;
				DEVELOPMENT_ASSET_PATHS = "\"mini3/Preview Content\"";
				DEVELOPMENT_TEAM = 225S533H7W;
				ENABLE_PREVIEWS = YES;
				GENERATE_INFOPLIST_FILE = YES;
				INFOPLIST_KEY_NSContactsUsageDescription = teste;
				INFOPLIST_KEY_UIApplicationSceneManifest_Generation = YES;
				INFOPLIST_KEY_UIApplicationSupportsIndirectInputEvents = YES;
				INFOPLIST_KEY_UILaunchScreen_Generation = YES;
				INFOPLIST_KEY_UISupportedInterfaceOrientations_iPad = "UIInterfaceOrientationPortrait UIInterfaceOrientationPortraitUpsideDown UIInterfaceOrientationLandscapeLeft UIInterfaceOrientationLandscapeRight";
				INFOPLIST_KEY_UISupportedInterfaceOrientations_iPhone = "UIInterfaceOrientationPortrait UIInterfaceOrientationLandscapeLeft UIInterfaceOrientationLandscapeRight";
				LD_RUNPATH_SEARCH_PATHS = (
					"$(inherited)",
					"@executable_path/Frameworks",
				);
				MARKETING_VERSION = 1.0;
				PRODUCT_BUNDLE_IDENTIFIER = com.haskz.mini3;
				PRODUCT_NAME = "$(TARGET_NAME)";
				SWIFT_EMIT_LOC_STRINGS = YES;
				SWIFT_VERSION = 5.0;
				TARGETED_DEVICE_FAMILY = "1,2";
			};
			name = Release;
		};
/* End XCBuildConfiguration section */

/* Begin XCConfigurationList section */
		78E629C32AED73A400CBB373 /* Build configuration list for PBXProject "mini3" */ = {
			isa = XCConfigurationList;
			buildConfigurations = (
				78E629D42AED73A500CBB373 /* Debug */,
				78E629D52AED73A500CBB373 /* Release */,
			);
			defaultConfigurationIsVisible = 0;
			defaultConfigurationName = Release;
		};
		78E629D62AED73A500CBB373 /* Build configuration list for PBXNativeTarget "mini3" */ = {
			isa = XCConfigurationList;
			buildConfigurations = (
				78E629D72AED73A500CBB373 /* Debug */,
				78E629D82AED73A500CBB373 /* Release */,
			);
			defaultConfigurationIsVisible = 0;
			defaultConfigurationName = Release;
		};
/* End XCConfigurationList section */
	};
	rootObject = 78E629C02AED73A400CBB373 /* Project object */;
}
